{
  "object": {
    "pins": [
      {
        "package": "DjinniSupport",
        "repositoryURL": "https://github.com/UbiqueInnovation/djinni.git",
        "state": {
          "branch": null,
          "revision": "ff7ec9c42552b023b761c2e1a3a6c9ebbff20e29",
          "version": "1.0.0"
        }
      },
      {
        "package": "SwisstopoMapSDK",
        "repositoryURL": "https://github.com/geoadmin/lib-open-swiss-maps-sdk",
        "state": {
          "branch": null,
          "revision": "4d709bfdc91ec26b541629a2f5d541dbf0d429ea",
          "version": "1.1.0"
        }
      },
      {
        "package": "MapCore",
        "repositoryURL": "https://github.com/openmobilemaps/maps-core.git",
        "state": {
          "branch": null,
          "revision": "890944e7b8e42de7d536126dff2823ac87e44316",
          "version": "1.2.0"
        }
      }
    ]
  },
  "version": 1
}
