{
  "object": {
    "pins": [
      {
        "package": "DjinniSupport",
        "repositoryURL": "https://github.com/UbiqueInnovation/djinni.git",
        "state": {
          "branch": null,
          "revision": "ff7ec9c42552b023b761c2e1a3a6c9ebbff20e29",
          "version": "1.0.0"
        }
      },
      {
        "package": "MapCore",
        "repositoryURL": "https://github.com/openmobilemaps/maps-core.git",
        "state": {
          "branch": null,
          "revision": "0c49e48817294a099ea82fc9d8e960ad7322516b",
          "version": "1.1.0"
        }
      }
    ]
  },
  "version": 1
}
