{
  "object": {
    "pins": [
      {
        "package": "GoogleMapsTileOverlay",
        "repositoryURL": "https://github.com/thepeaklab/GoogleMapsTileOverlay",
        "state": {
          "branch": null,
          "revision": "a31bd418be8e49b7b118d93f1e79b3a91407e82a",
          "version": "0.5.0"
        }
      }
    ]
  },
  "version": 1
}
