PODS:
  - dreiKit (1.0.0)
  - lottie-ios (3.1.8)
  - shared (1.0)

DEPENDENCIES:
  - dreiKit (from `https://github.com/dreipol/dreiKit`, tag `1.0.0`)
  - lottie-ios
  - shared (from `../../shared`)

SPEC REPOS:
  trunk:
    - lottie-ios

EXTERNAL SOURCES:
  dreiKit:
    :git: https://github.com/dreipol/dreiKit
    :tag: 1.0.0
  shared:
    :path: "../../shared"

CHECKOUT OPTIONS:
  dreiKit:
    :git: https://github.com/dreipol/dreiKit
    :tag: 1.0.0

SPEC CHECKSUMS:
  dreiKit: 8298f006af1673318234ec73730fb81f9497dae7
  lottie-ios: 48fac6be217c76937e36e340e2d09cf7b10b7f5f
  shared: 96a04c47b7101e92113fca2e0e102f48f0c6aed4

PODFILE CHECKSUM: 136083f3e3aa8250937fab9ef11705d9eb53cc7a

COCOAPODS: 1.10.1
