// !$*UTF8*$!
{
	archiveVersion = 1;
	classes = {
	};
	objectVersion = 50;
	objects = {

/* Begin PBXBuildFile section */
		391DC4658459E756F29BD311 /* Pods_Multiplatform_Redux_Sample.framework in Frameworks */ = {isa = PBXBuildFile; fileRef = 5B128F38E28084822EA542BF /* Pods_Multiplatform_Redux_Sample.framework */; };
		664F4DC9254C194C00F21527 /* Coordinator.swift in Sources */ = {isa = PBXBuildFile; fileRef = 664F4DC8254C194C00F21527 /* Coordinator.swift */; };
		664F4DCD254C199200F21527 /* NavigationCoordinator.swift in Sources */ = {isa = PBXBuildFile; fileRef = 664F4DC7254C192900F21527 /* NavigationCoordinator.swift */; };
		664F4DD2254C1CD200F21527 /* OnbooardingCoordinator.swift in Sources */ = {isa = PBXBuildFile; fileRef = 664F4DD1254C1CD200F21527 /* OnbooardingCoordinator.swift */; };
		664F4DD9254C21D100F21527 /* Store+ApplicationState.swift in Sources */ = {isa = PBXBuildFile; fileRef = 664F4DD8254C21D100F21527 /* Store+ApplicationState.swift */; };
		6662FAD72541E37A00F8EA75 /* AppDelegate.swift in Sources */ = {isa = PBXBuildFile; fileRef = 6662FAD62541E37A00F8EA75 /* AppDelegate.swift */; };
		6662FAD92541E37A00F8EA75 /* SceneDelegate.swift in Sources */ = {isa = PBXBuildFile; fileRef = 6662FAD82541E37A00F8EA75 /* SceneDelegate.swift */; };
		6662FADB2541E37A00F8EA75 /* ViewController.swift in Sources */ = {isa = PBXBuildFile; fileRef = 6662FADA2541E37A00F8EA75 /* ViewController.swift */; };
		6662FADE2541E37A00F8EA75 /* Main.storyboard in Resources */ = {isa = PBXBuildFile; fileRef = 6662FADC2541E37A00F8EA75 /* Main.storyboard */; };
		6662FAE02541E37B00F8EA75 /* Assets.xcassets in Resources */ = {isa = PBXBuildFile; fileRef = 6662FADF2541E37B00F8EA75 /* Assets.xcassets */; };
		6662FAE32541E37B00F8EA75 /* LaunchScreen.storyboard in Resources */ = {isa = PBXBuildFile; fileRef = 6662FAE12541E37B00F8EA75 /* LaunchScreen.storyboard */; };
		6662FAEE2541E37B00F8EA75 /* Multiplatform_Redux_SampleTests.swift in Sources */ = {isa = PBXBuildFile; fileRef = 6662FAED2541E37B00F8EA75 /* Multiplatform_Redux_SampleTests.swift */; };
		6662FAF92541E37B00F8EA75 /* Multiplatform_Redux_SampleUITests.swift in Sources */ = {isa = PBXBuildFile; fileRef = 6662FAF82541E37B00F8EA75 /* Multiplatform_Redux_SampleUITests.swift */; };
		80DDB84183DAB0DB655ACAC0 /* Pods_Multiplatform_Redux_SampleTests.framework in Frameworks */ = {isa = PBXBuildFile; fileRef = 5583F2263E187C81EDD5DFE2 /* Pods_Multiplatform_Redux_SampleTests.framework */; };
		A3E3FF7B25472F8400FA5442 /* UIColor+Brand.swift in Sources */ = {isa = PBXBuildFile; fileRef = A3E3FF7A25472F8400FA5442 /* UIColor+Brand.swift */; };
		A3E3FF7C25472F8400FA5442 /* UIColor+Brand.swift in Sources */ = {isa = PBXBuildFile; fileRef = A3E3FF7A25472F8400FA5442 /* UIColor+Brand.swift */; };
		A3E3FF7D25472F8400FA5442 /* UIColor+Brand.swift in Sources */ = {isa = PBXBuildFile; fileRef = A3E3FF7A25472F8400FA5442 /* UIColor+Brand.swift */; };
		F27262DEAF17011483B3EDEC /* Pods_Multiplatform_Redux_Sample_Multiplatform_Redux_SampleUITests.framework in Frameworks */ = {isa = PBXBuildFile; fileRef = 844A9158D30E3459C15052A0 /* Pods_Multiplatform_Redux_Sample_Multiplatform_Redux_SampleUITests.framework */; };
/* End PBXBuildFile section */

/* Begin PBXContainerItemProxy section */
		6662FAEA2541E37B00F8EA75 /* PBXContainerItemProxy */ = {
			isa = PBXContainerItemProxy;
			containerPortal = 6662FACB2541E37A00F8EA75 /* Project object */;
			proxyType = 1;
			remoteGlobalIDString = 6662FAD22541E37A00F8EA75;
			remoteInfo = "Multiplatform Redux Sample";
		};
		6662FAF52541E37B00F8EA75 /* PBXContainerItemProxy */ = {
			isa = PBXContainerItemProxy;
			containerPortal = 6662FACB2541E37A00F8EA75 /* Project object */;
			proxyType = 1;
			remoteGlobalIDString = 6662FAD22541E37A00F8EA75;
			remoteInfo = "Multiplatform Redux Sample";
		};
/* End PBXContainerItemProxy section */

/* Begin PBXFileReference section */
		0B1F142D7E171A13F92B3971 /* Pods-Multiplatform Redux SampleTests.debug.xcconfig */ = {isa = PBXFileReference; includeInIndex = 1; lastKnownFileType = text.xcconfig; name = "Pods-Multiplatform Redux SampleTests.debug.xcconfig"; path = "Target Support Files/Pods-Multiplatform Redux SampleTests/Pods-Multiplatform Redux SampleTests.debug.xcconfig"; sourceTree = "<group>"; };
		30133F92E2437A0F4DF3F33F /* Pods-Multiplatform Redux SampleTests.release.xcconfig */ = {isa = PBXFileReference; includeInIndex = 1; lastKnownFileType = text.xcconfig; name = "Pods-Multiplatform Redux SampleTests.release.xcconfig"; path = "Target Support Files/Pods-Multiplatform Redux SampleTests/Pods-Multiplatform Redux SampleTests.release.xcconfig"; sourceTree = "<group>"; };
		5583F2263E187C81EDD5DFE2 /* Pods_Multiplatform_Redux_SampleTests.framework */ = {isa = PBXFileReference; explicitFileType = wrapper.framework; includeInIndex = 0; path = Pods_Multiplatform_Redux_SampleTests.framework; sourceTree = BUILT_PRODUCTS_DIR; };
		5B128F38E28084822EA542BF /* Pods_Multiplatform_Redux_Sample.framework */ = {isa = PBXFileReference; explicitFileType = wrapper.framework; includeInIndex = 0; path = Pods_Multiplatform_Redux_Sample.framework; sourceTree = BUILT_PRODUCTS_DIR; };
		664F4DAD254C04A300F21527 /* iosMain */ = {isa = PBXFileReference; lastKnownFileType = folder; name = iosMain; path = ../../shared/src/iosMain; sourceTree = "<group>"; };
		664F4DAE254C04A300F21527 /* commonMain */ = {isa = PBXFileReference; lastKnownFileType = folder; name = commonMain; path = ../../shared/src/commonMain; sourceTree = "<group>"; };
		664F4DC7254C192900F21527 /* NavigationCoordinator.swift */ = {isa = PBXFileReference; lastKnownFileType = sourcecode.swift; path = NavigationCoordinator.swift; sourceTree = "<group>"; };
		664F4DC8254C194C00F21527 /* Coordinator.swift */ = {isa = PBXFileReference; lastKnownFileType = sourcecode.swift; path = Coordinator.swift; sourceTree = "<group>"; };
		664F4DD1254C1CD200F21527 /* OnbooardingCoordinator.swift */ = {isa = PBXFileReference; lastKnownFileType = sourcecode.swift; path = OnbooardingCoordinator.swift; sourceTree = "<group>"; };
		664F4DD8254C21D100F21527 /* Store+ApplicationState.swift */ = {isa = PBXFileReference; lastKnownFileType = sourcecode.swift; path = "Store+ApplicationState.swift"; sourceTree = "<group>"; };
		6662FAD32541E37A00F8EA75 /* Multiplatform Redux Sample.app */ = {isa = PBXFileReference; explicitFileType = wrapper.application; includeInIndex = 0; path = "Multiplatform Redux Sample.app"; sourceTree = BUILT_PRODUCTS_DIR; };
		6662FAD62541E37A00F8EA75 /* AppDelegate.swift */ = {isa = PBXFileReference; lastKnownFileType = sourcecode.swift; path = AppDelegate.swift; sourceTree = "<group>"; };
		6662FAD82541E37A00F8EA75 /* SceneDelegate.swift */ = {isa = PBXFileReference; lastKnownFileType = sourcecode.swift; path = SceneDelegate.swift; sourceTree = "<group>"; };
		6662FADA2541E37A00F8EA75 /* ViewController.swift */ = {isa = PBXFileReference; lastKnownFileType = sourcecode.swift; path = ViewController.swift; sourceTree = "<group>"; };
		6662FADD2541E37A00F8EA75 /* Base */ = {isa = PBXFileReference; lastKnownFileType = file.storyboard; name = Base; path = Base.lproj/Main.storyboard; sourceTree = "<group>"; };
		6662FADF2541E37B00F8EA75 /* Assets.xcassets */ = {isa = PBXFileReference; lastKnownFileType = folder.assetcatalog; path = Assets.xcassets; sourceTree = "<group>"; };
		6662FAE22541E37B00F8EA75 /* Base */ = {isa = PBXFileReference; lastKnownFileType = file.storyboard; name = Base; path = Base.lproj/LaunchScreen.storyboard; sourceTree = "<group>"; };
		6662FAE42541E37B00F8EA75 /* Info.plist */ = {isa = PBXFileReference; lastKnownFileType = text.plist.xml; path = Info.plist; sourceTree = "<group>"; };
		6662FAE92541E37B00F8EA75 /* Multiplatform Redux SampleTests.xctest */ = {isa = PBXFileReference; explicitFileType = wrapper.cfbundle; includeInIndex = 0; path = "Multiplatform Redux SampleTests.xctest"; sourceTree = BUILT_PRODUCTS_DIR; };
		6662FAED2541E37B00F8EA75 /* Multiplatform_Redux_SampleTests.swift */ = {isa = PBXFileReference; lastKnownFileType = sourcecode.swift; path = Multiplatform_Redux_SampleTests.swift; sourceTree = "<group>"; };
		6662FAEF2541E37B00F8EA75 /* Info.plist */ = {isa = PBXFileReference; lastKnownFileType = text.plist.xml; path = Info.plist; sourceTree = "<group>"; };
		6662FAF42541E37B00F8EA75 /* Multiplatform Redux SampleUITests.xctest */ = {isa = PBXFileReference; explicitFileType = wrapper.cfbundle; includeInIndex = 0; path = "Multiplatform Redux SampleUITests.xctest"; sourceTree = BUILT_PRODUCTS_DIR; };
		6662FAF82541E37B00F8EA75 /* Multiplatform_Redux_SampleUITests.swift */ = {isa = PBXFileReference; lastKnownFileType = sourcecode.swift; path = Multiplatform_Redux_SampleUITests.swift; sourceTree = "<group>"; };
		6662FAFA2541E37B00F8EA75 /* Info.plist */ = {isa = PBXFileReference; lastKnownFileType = text.plist.xml; path = Info.plist; sourceTree = "<group>"; };
		69FAB6A893C8CC831731BD58 /* Pods-Multiplatform Redux Sample.debug.xcconfig */ = {isa = PBXFileReference; includeInIndex = 1; lastKnownFileType = text.xcconfig; name = "Pods-Multiplatform Redux Sample.debug.xcconfig"; path = "Target Support Files/Pods-Multiplatform Redux Sample/Pods-Multiplatform Redux Sample.debug.xcconfig"; sourceTree = "<group>"; };
		844A9158D30E3459C15052A0 /* Pods_Multiplatform_Redux_Sample_Multiplatform_Redux_SampleUITests.framework */ = {isa = PBXFileReference; explicitFileType = wrapper.framework; includeInIndex = 0; path = Pods_Multiplatform_Redux_Sample_Multiplatform_Redux_SampleUITests.framework; sourceTree = BUILT_PRODUCTS_DIR; };
		A3E3FF7A25472F8400FA5442 /* UIColor+Brand.swift */ = {isa = PBXFileReference; lastKnownFileType = sourcecode.swift; name = "UIColor+Brand.swift"; path = "Multiplatform Redux Sample/UIColor+Brand.swift"; sourceTree = SOURCE_ROOT; };
		CF7B5639C4CB4C00A6788284 /* Pods-Multiplatform Redux Sample-Multiplatform Redux SampleUITests.debug.xcconfig */ = {isa = PBXFileReference; includeInIndex = 1; lastKnownFileType = text.xcconfig; name = "Pods-Multiplatform Redux Sample-Multiplatform Redux SampleUITests.debug.xcconfig"; path = "Target Support Files/Pods-Multiplatform Redux Sample-Multiplatform Redux SampleUITests/Pods-Multiplatform Redux Sample-Multiplatform Redux SampleUITests.debug.xcconfig"; sourceTree = "<group>"; };
		F1ED01D8C724165A64A1C0F2 /* Pods-Multiplatform Redux Sample.release.xcconfig */ = {isa = PBXFileReference; includeInIndex = 1; lastKnownFileType = text.xcconfig; name = "Pods-Multiplatform Redux Sample.release.xcconfig"; path = "Target Support Files/Pods-Multiplatform Redux Sample/Pods-Multiplatform Redux Sample.release.xcconfig"; sourceTree = "<group>"; };
		FBED0A85EEA5EEB1A504A5E4 /* Pods-Multiplatform Redux Sample-Multiplatform Redux SampleUITests.release.xcconfig */ = {isa = PBXFileReference; includeInIndex = 1; lastKnownFileType = text.xcconfig; name = "Pods-Multiplatform Redux Sample-Multiplatform Redux SampleUITests.release.xcconfig"; path = "Target Support Files/Pods-Multiplatform Redux Sample-Multiplatform Redux SampleUITests/Pods-Multiplatform Redux Sample-Multiplatform Redux SampleUITests.release.xcconfig"; sourceTree = "<group>"; };
/* End PBXFileReference section */

/* Begin PBXFrameworksBuildPhase section */
		6662FAD02541E37A00F8EA75 /* Frameworks */ = {
			isa = PBXFrameworksBuildPhase;
			buildActionMask = 2147483647;
			files = (
				391DC4658459E756F29BD311 /* Pods_Multiplatform_Redux_Sample.framework in Frameworks */,
			);
			runOnlyForDeploymentPostprocessing = 0;
		};
		6662FAE62541E37B00F8EA75 /* Frameworks */ = {
			isa = PBXFrameworksBuildPhase;
			buildActionMask = 2147483647;
			files = (
				80DDB84183DAB0DB655ACAC0 /* Pods_Multiplatform_Redux_SampleTests.framework in Frameworks */,
			);
			runOnlyForDeploymentPostprocessing = 0;
		};
		6662FAF12541E37B00F8EA75 /* Frameworks */ = {
			isa = PBXFrameworksBuildPhase;
			buildActionMask = 2147483647;
			files = (
				F27262DEAF17011483B3EDEC /* Pods_Multiplatform_Redux_Sample_Multiplatform_Redux_SampleUITests.framework in Frameworks */,
			);
			runOnlyForDeploymentPostprocessing = 0;
		};
/* End PBXFrameworksBuildPhase section */

/* Begin PBXGroup section */
		1CF22D044E3B6320FF90A489 /* Frameworks */ = {
			isa = PBXGroup;
			children = (
				5B128F38E28084822EA542BF /* Pods_Multiplatform_Redux_Sample.framework */,
				844A9158D30E3459C15052A0 /* Pods_Multiplatform_Redux_Sample_Multiplatform_Redux_SampleUITests.framework */,
				5583F2263E187C81EDD5DFE2 /* Pods_Multiplatform_Redux_SampleTests.framework */,
			);
			name = Frameworks;
			sourceTree = "<group>";
		};
		664F4DAC254C046500F21527 /* kotlin */ = {
			isa = PBXGroup;
			children = (
				664F4DAE254C04A300F21527 /* commonMain */,
				664F4DAD254C04A300F21527 /* iosMain */,
			);
			name = kotlin;
			sourceTree = "<group>";
		};
		664F4DC6254C191C00F21527 /* Coordinators */ = {
			isa = PBXGroup;
			children = (
				664F4DD1254C1CD200F21527 /* OnbooardingCoordinator.swift */,
				664F4DC7254C192900F21527 /* NavigationCoordinator.swift */,
				664F4DC8254C194C00F21527 /* Coordinator.swift */,
			);
			path = Coordinators;
			sourceTree = "<group>";
		};
		664F4DD7254C21A800F21527 /* MultiplatformExtensions */ = {
			isa = PBXGroup;
			children = (
				664F4DD8254C21D100F21527 /* Store+ApplicationState.swift */,
			);
			path = MultiplatformExtensions;
			sourceTree = "<group>";
		};
		6662FACA2541E37A00F8EA75 = {
			isa = PBXGroup;
			children = (
				664F4DAC254C046500F21527 /* kotlin */,
				6662FAD52541E37A00F8EA75 /* Multiplatform Redux Sample */,
				6662FAEC2541E37B00F8EA75 /* Multiplatform Redux SampleTests */,
				6662FAF72541E37B00F8EA75 /* Multiplatform Redux SampleUITests */,
				6662FAD42541E37A00F8EA75 /* Products */,
				77DFD45795EC3DE677023690 /* Pods */,
				1CF22D044E3B6320FF90A489 /* Frameworks */,
			);
			sourceTree = "<group>";
		};
		6662FAD42541E37A00F8EA75 /* Products */ = {
			isa = PBXGroup;
			children = (
				6662FAD32541E37A00F8EA75 /* Multiplatform Redux Sample.app */,
				6662FAE92541E37B00F8EA75 /* Multiplatform Redux SampleTests.xctest */,
				6662FAF42541E37B00F8EA75 /* Multiplatform Redux SampleUITests.xctest */,
			);
			name = Products;
			sourceTree = "<group>";
		};
		6662FAD52541E37A00F8EA75 /* Multiplatform Redux Sample */ = {
			isa = PBXGroup;
			children = (
				A3E3FF7925472F4D00FA5442 /* BrandExtension */,
				664F4DC6254C191C00F21527 /* Coordinators */,
				664F4DD7254C21A800F21527 /* MultiplatformExtensions */,
				6662FAD62541E37A00F8EA75 /* AppDelegate.swift */,
				6662FAD82541E37A00F8EA75 /* SceneDelegate.swift */,
				6662FADA2541E37A00F8EA75 /* ViewController.swift */,
				6662FADC2541E37A00F8EA75 /* Main.storyboard */,
				6662FADF2541E37B00F8EA75 /* Assets.xcassets */,
				6662FAE12541E37B00F8EA75 /* LaunchScreen.storyboard */,
				6662FAE42541E37B00F8EA75 /* Info.plist */,
			);
			path = "Multiplatform Redux Sample";
			sourceTree = "<group>";
		};
		6662FAEC2541E37B00F8EA75 /* Multiplatform Redux SampleTests */ = {
			isa = PBXGroup;
			children = (
				6662FAED2541E37B00F8EA75 /* Multiplatform_Redux_SampleTests.swift */,
				6662FAEF2541E37B00F8EA75 /* Info.plist */,
			);
			path = "Multiplatform Redux SampleTests";
			sourceTree = "<group>";
		};
		6662FAF72541E37B00F8EA75 /* Multiplatform Redux SampleUITests */ = {
			isa = PBXGroup;
			children = (
				6662FAF82541E37B00F8EA75 /* Multiplatform_Redux_SampleUITests.swift */,
				6662FAFA2541E37B00F8EA75 /* Info.plist */,
			);
			path = "Multiplatform Redux SampleUITests";
			sourceTree = "<group>";
		};
		77DFD45795EC3DE677023690 /* Pods */ = {
			isa = PBXGroup;
			children = (
				69FAB6A893C8CC831731BD58 /* Pods-Multiplatform Redux Sample.debug.xcconfig */,
				F1ED01D8C724165A64A1C0F2 /* Pods-Multiplatform Redux Sample.release.xcconfig */,
				CF7B5639C4CB4C00A6788284 /* Pods-Multiplatform Redux Sample-Multiplatform Redux SampleUITests.debug.xcconfig */,
				FBED0A85EEA5EEB1A504A5E4 /* Pods-Multiplatform Redux Sample-Multiplatform Redux SampleUITests.release.xcconfig */,
				0B1F142D7E171A13F92B3971 /* Pods-Multiplatform Redux SampleTests.debug.xcconfig */,
				30133F92E2437A0F4DF3F33F /* Pods-Multiplatform Redux SampleTests.release.xcconfig */,
			);
			path = Pods;
			sourceTree = "<group>";
		};
		A3E3FF7925472F4D00FA5442 /* BrandExtension */ = {
			isa = PBXGroup;
			children = (
				A3E3FF7A25472F8400FA5442 /* UIColor+Brand.swift */,
			);
			path = BrandExtension;
			sourceTree = "<group>";
		};
/* End PBXGroup section */

/* Begin PBXNativeTarget section */
		6662FAD22541E37A00F8EA75 /* Multiplatform Redux Sample */ = {
			isa = PBXNativeTarget;
			buildConfigurationList = 6662FAFD2541E37B00F8EA75 /* Build configuration list for PBXNativeTarget "Multiplatform Redux Sample" */;
			buildPhases = (
				89F9023F5EF4412E23AB61CC /* [CP] Check Pods Manifest.lock */,
				6662FACF2541E37A00F8EA75 /* Sources */,
				6662FAD02541E37A00F8EA75 /* Frameworks */,
				6662FAD12541E37A00F8EA75 /* Resources */,
			);
			buildRules = (
			);
			dependencies = (
			);
			name = "Multiplatform Redux Sample";
			productName = "Multiplatform Redux Sample";
			productReference = 6662FAD32541E37A00F8EA75 /* Multiplatform Redux Sample.app */;
			productType = "com.apple.product-type.application";
		};
		6662FAE82541E37B00F8EA75 /* Multiplatform Redux SampleTests */ = {
			isa = PBXNativeTarget;
			buildConfigurationList = 6662FB002541E37B00F8EA75 /* Build configuration list for PBXNativeTarget "Multiplatform Redux SampleTests" */;
			buildPhases = (
				7433CB2DF54A3499027D1787 /* [CP] Check Pods Manifest.lock */,
				6662FAE52541E37B00F8EA75 /* Sources */,
				6662FAE62541E37B00F8EA75 /* Frameworks */,
				6662FAE72541E37B00F8EA75 /* Resources */,
			);
			buildRules = (
			);
			dependencies = (
				6662FAEB2541E37B00F8EA75 /* PBXTargetDependency */,
			);
			name = "Multiplatform Redux SampleTests";
			productName = "Multiplatform Redux SampleTests";
			productReference = 6662FAE92541E37B00F8EA75 /* Multiplatform Redux SampleTests.xctest */;
			productType = "com.apple.product-type.bundle.unit-test";
		};
		6662FAF32541E37B00F8EA75 /* Multiplatform Redux SampleUITests */ = {
			isa = PBXNativeTarget;
			buildConfigurationList = 6662FB032541E37B00F8EA75 /* Build configuration list for PBXNativeTarget "Multiplatform Redux SampleUITests" */;
			buildPhases = (
				452C8933CB931BF643F9B00E /* [CP] Check Pods Manifest.lock */,
				6662FAF02541E37B00F8EA75 /* Sources */,
				6662FAF12541E37B00F8EA75 /* Frameworks */,
				6662FAF22541E37B00F8EA75 /* Resources */,
			);
			buildRules = (
			);
			dependencies = (
				6662FAF62541E37B00F8EA75 /* PBXTargetDependency */,
			);
			name = "Multiplatform Redux SampleUITests";
			productName = "Multiplatform Redux SampleUITests";
			productReference = 6662FAF42541E37B00F8EA75 /* Multiplatform Redux SampleUITests.xctest */;
			productType = "com.apple.product-type.bundle.ui-testing";
		};
/* End PBXNativeTarget section */

/* Begin PBXProject section */
		6662FACB2541E37A00F8EA75 /* Project object */ = {
			isa = PBXProject;
			attributes = {
				LastSwiftUpdateCheck = 1210;
				LastUpgradeCheck = 1210;
				TargetAttributes = {
					6662FAD22541E37A00F8EA75 = {
						CreatedOnToolsVersion = 12.1;
					};
					6662FAE82541E37B00F8EA75 = {
						CreatedOnToolsVersion = 12.1;
						TestTargetID = 6662FAD22541E37A00F8EA75;
					};
					6662FAF32541E37B00F8EA75 = {
						CreatedOnToolsVersion = 12.1;
						TestTargetID = 6662FAD22541E37A00F8EA75;
					};
				};
			};
			buildConfigurationList = 6662FACE2541E37A00F8EA75 /* Build configuration list for PBXProject "Multiplatform Redux Sample" */;
			compatibilityVersion = "Xcode 9.3";
			developmentRegion = en;
			hasScannedForEncodings = 0;
			knownRegions = (
				en,
				Base,
			);
			mainGroup = 6662FACA2541E37A00F8EA75;
			productRefGroup = 6662FAD42541E37A00F8EA75 /* Products */;
			projectDirPath = "";
			projectRoot = "";
			targets = (
				6662FAD22541E37A00F8EA75 /* Multiplatform Redux Sample */,
				6662FAE82541E37B00F8EA75 /* Multiplatform Redux SampleTests */,
				6662FAF32541E37B00F8EA75 /* Multiplatform Redux SampleUITests */,
			);
		};
/* End PBXProject section */

/* Begin PBXResourcesBuildPhase section */
		6662FAD12541E37A00F8EA75 /* Resources */ = {
			isa = PBXResourcesBuildPhase;
			buildActionMask = 2147483647;
			files = (
				6662FAE32541E37B00F8EA75 /* LaunchScreen.storyboard in Resources */,
				6662FAE02541E37B00F8EA75 /* Assets.xcassets in Resources */,
				6662FADE2541E37A00F8EA75 /* Main.storyboard in Resources */,
			);
			runOnlyForDeploymentPostprocessing = 0;
		};
		6662FAE72541E37B00F8EA75 /* Resources */ = {
			isa = PBXResourcesBuildPhase;
			buildActionMask = 2147483647;
			files = (
			);
			runOnlyForDeploymentPostprocessing = 0;
		};
		6662FAF22541E37B00F8EA75 /* Resources */ = {
			isa = PBXResourcesBuildPhase;
			buildActionMask = 2147483647;
			files = (
			);
			runOnlyForDeploymentPostprocessing = 0;
		};
/* End PBXResourcesBuildPhase section */

/* Begin PBXShellScriptBuildPhase section */
		452C8933CB931BF643F9B00E /* [CP] Check Pods Manifest.lock */ = {
			isa = PBXShellScriptBuildPhase;
			buildActionMask = 2147483647;
			files = (
			);
			inputFileListPaths = (
			);
			inputPaths = (
				"${PODS_PODFILE_DIR_PATH}/Podfile.lock",
				"${PODS_ROOT}/Manifest.lock",
			);
			name = "[CP] Check Pods Manifest.lock";
			outputFileListPaths = (
			);
			outputPaths = (
				"$(DERIVED_FILE_DIR)/Pods-Multiplatform Redux Sample-Multiplatform Redux SampleUITests-checkManifestLockResult.txt",
			);
			runOnlyForDeploymentPostprocessing = 0;
			shellPath = /bin/sh;
			shellScript = "diff \"${PODS_PODFILE_DIR_PATH}/Podfile.lock\" \"${PODS_ROOT}/Manifest.lock\" > /dev/null\nif [ $? != 0 ] ; then\n    # print error to STDERR\n    echo \"error: The sandbox is not in sync with the Podfile.lock. Run 'pod install' or update your CocoaPods installation.\" >&2\n    exit 1\nfi\n# This output is used by Xcode 'outputs' to avoid re-running this script phase.\necho \"SUCCESS\" > \"${SCRIPT_OUTPUT_FILE_0}\"\n";
			showEnvVarsInLog = 0;
		};
		7433CB2DF54A3499027D1787 /* [CP] Check Pods Manifest.lock */ = {
			isa = PBXShellScriptBuildPhase;
			buildActionMask = 2147483647;
			files = (
			);
			inputFileListPaths = (
			);
			inputPaths = (
				"${PODS_PODFILE_DIR_PATH}/Podfile.lock",
				"${PODS_ROOT}/Manifest.lock",
			);
			name = "[CP] Check Pods Manifest.lock";
			outputFileListPaths = (
			);
			outputPaths = (
				"$(DERIVED_FILE_DIR)/Pods-Multiplatform Redux SampleTests-checkManifestLockResult.txt",
			);
			runOnlyForDeploymentPostprocessing = 0;
			shellPath = /bin/sh;
			shellScript = "diff \"${PODS_PODFILE_DIR_PATH}/Podfile.lock\" \"${PODS_ROOT}/Manifest.lock\" > /dev/null\nif [ $? != 0 ] ; then\n    # print error to STDERR\n    echo \"error: The sandbox is not in sync with the Podfile.lock. Run 'pod install' or update your CocoaPods installation.\" >&2\n    exit 1\nfi\n# This output is used by Xcode 'outputs' to avoid re-running this script phase.\necho \"SUCCESS\" > \"${SCRIPT_OUTPUT_FILE_0}\"\n";
			showEnvVarsInLog = 0;
		};
		89F9023F5EF4412E23AB61CC /* [CP] Check Pods Manifest.lock */ = {
			isa = PBXShellScriptBuildPhase;
			buildActionMask = 2147483647;
			files = (
			);
			inputFileListPaths = (
			);
			inputPaths = (
				"${PODS_PODFILE_DIR_PATH}/Podfile.lock",
				"${PODS_ROOT}/Manifest.lock",
			);
			name = "[CP] Check Pods Manifest.lock";
			outputFileListPaths = (
			);
			outputPaths = (
				"$(DERIVED_FILE_DIR)/Pods-Multiplatform Redux Sample-checkManifestLockResult.txt",
			);
			runOnlyForDeploymentPostprocessing = 0;
			shellPath = /bin/sh;
			shellScript = "diff \"${PODS_PODFILE_DIR_PATH}/Podfile.lock\" \"${PODS_ROOT}/Manifest.lock\" > /dev/null\nif [ $? != 0 ] ; then\n    # print error to STDERR\n    echo \"error: The sandbox is not in sync with the Podfile.lock. Run 'pod install' or update your CocoaPods installation.\" >&2\n    exit 1\nfi\n# This output is used by Xcode 'outputs' to avoid re-running this script phase.\necho \"SUCCESS\" > \"${SCRIPT_OUTPUT_FILE_0}\"\n";
			showEnvVarsInLog = 0;
		};
/* End PBXShellScriptBuildPhase section */

/* Begin PBXSourcesBuildPhase section */
		6662FACF2541E37A00F8EA75 /* Sources */ = {
			isa = PBXSourcesBuildPhase;
			buildActionMask = 2147483647;
			files = (
				6662FADB2541E37A00F8EA75 /* ViewController.swift in Sources */,
				A3E3FF7B25472F8400FA5442 /* UIColor+Brand.swift in Sources */,
				664F4DC9254C194C00F21527 /* Coordinator.swift in Sources */,
				6662FAD72541E37A00F8EA75 /* AppDelegate.swift in Sources */,
				664F4DD9254C21D100F21527 /* Store+ApplicationState.swift in Sources */,
				664F4DD2254C1CD200F21527 /* OnbooardingCoordinator.swift in Sources */,
				664F4DCD254C199200F21527 /* NavigationCoordinator.swift in Sources */,
				6662FAD92541E37A00F8EA75 /* SceneDelegate.swift in Sources */,
			);
			runOnlyForDeploymentPostprocessing = 0;
		};
		6662FAE52541E37B00F8EA75 /* Sources */ = {
			isa = PBXSourcesBuildPhase;
			buildActionMask = 2147483647;
			files = (
				6662FAEE2541E37B00F8EA75 /* Multiplatform_Redux_SampleTests.swift in Sources */,
				A3E3FF7C25472F8400FA5442 /* UIColor+Brand.swift in Sources */,
			);
			runOnlyForDeploymentPostprocessing = 0;
		};
		6662FAF02541E37B00F8EA75 /* Sources */ = {
			isa = PBXSourcesBuildPhase;
			buildActionMask = 2147483647;
			files = (
				6662FAF92541E37B00F8EA75 /* Multiplatform_Redux_SampleUITests.swift in Sources */,
				A3E3FF7D25472F8400FA5442 /* UIColor+Brand.swift in Sources */,
			);
			runOnlyForDeploymentPostprocessing = 0;
		};
/* End PBXSourcesBuildPhase section */

/* Begin PBXTargetDependency section */
		6662FAEB2541E37B00F8EA75 /* PBXTargetDependency */ = {
			isa = PBXTargetDependency;
			target = 6662FAD22541E37A00F8EA75 /* Multiplatform Redux Sample */;
			targetProxy = 6662FAEA2541E37B00F8EA75 /* PBXContainerItemProxy */;
		};
		6662FAF62541E37B00F8EA75 /* PBXTargetDependency */ = {
			isa = PBXTargetDependency;
			target = 6662FAD22541E37A00F8EA75 /* Multiplatform Redux Sample */;
			targetProxy = 6662FAF52541E37B00F8EA75 /* PBXContainerItemProxy */;
		};
/* End PBXTargetDependency section */

/* Begin PBXVariantGroup section */
		6662FADC2541E37A00F8EA75 /* Main.storyboard */ = {
			isa = PBXVariantGroup;
			children = (
				6662FADD2541E37A00F8EA75 /* Base */,
			);
			name = Main.storyboard;
			sourceTree = "<group>";
		};
		6662FAE12541E37B00F8EA75 /* LaunchScreen.storyboard */ = {
			isa = PBXVariantGroup;
			children = (
				6662FAE22541E37B00F8EA75 /* Base */,
			);
			name = LaunchScreen.storyboard;
			sourceTree = "<group>";
		};
/* End PBXVariantGroup section */

/* Begin XCBuildConfiguration section */
		6662FAFB2541E37B00F8EA75 /* Debug */ = {
			isa = XCBuildConfiguration;
			buildSettings = {
				ALWAYS_SEARCH_USER_PATHS = NO;
				CLANG_ANALYZER_NONNULL = YES;
				CLANG_ANALYZER_NUMBER_OBJECT_CONVERSION = YES_AGGRESSIVE;
				CLANG_CXX_LANGUAGE_STANDARD = "gnu++14";
				CLANG_CXX_LIBRARY = "libc++";
				CLANG_ENABLE_MODULES = YES;
				CLANG_ENABLE_OBJC_ARC = YES;
				CLANG_ENABLE_OBJC_WEAK = YES;
				CLANG_WARN_BLOCK_CAPTURE_AUTORELEASING = YES;
				CLANG_WARN_BOOL_CONVERSION = YES;
				CLANG_WARN_COMMA = YES;
				CLANG_WARN_CONSTANT_CONVERSION = YES;
				CLANG_WARN_DEPRECATED_OBJC_IMPLEMENTATIONS = YES;
				CLANG_WARN_DIRECT_OBJC_ISA_USAGE = YES_ERROR;
				CLANG_WARN_DOCUMENTATION_COMMENTS = YES;
				CLANG_WARN_EMPTY_BODY = YES;
				CLANG_WARN_ENUM_CONVERSION = YES;
				CLANG_WARN_INFINITE_RECURSION = YES;
				CLANG_WARN_INT_CONVERSION = YES;
				CLANG_WARN_NON_LITERAL_NULL_CONVERSION = YES;
				CLANG_WARN_OBJC_IMPLICIT_RETAIN_SELF = YES;
				CLANG_WARN_OBJC_LITERAL_CONVERSION = YES;
				CLANG_WARN_OBJC_ROOT_CLASS = YES_ERROR;
				CLANG_WARN_QUOTED_INCLUDE_IN_FRAMEWORK_HEADER = YES;
				CLANG_WARN_RANGE_LOOP_ANALYSIS = YES;
				CLANG_WARN_STRICT_PROTOTYPES = YES;
				CLANG_WARN_SUSPICIOUS_MOVE = YES;
				CLANG_WARN_UNGUARDED_AVAILABILITY = YES_AGGRESSIVE;
				CLANG_WARN_UNREACHABLE_CODE = YES;
				CLANG_WARN__DUPLICATE_METHOD_MATCH = YES;
				COPY_PHASE_STRIP = NO;
				DEBUG_INFORMATION_FORMAT = dwarf;
				ENABLE_STRICT_OBJC_MSGSEND = YES;
				ENABLE_TESTABILITY = YES;
				GCC_C_LANGUAGE_STANDARD = gnu11;
				GCC_DYNAMIC_NO_PIC = NO;
				GCC_NO_COMMON_BLOCKS = YES;
				GCC_OPTIMIZATION_LEVEL = 0;
				GCC_PREPROCESSOR_DEFINITIONS = (
					"DEBUG=1",
					"$(inherited)",
				);
				GCC_WARN_64_TO_32_BIT_CONVERSION = YES;
				GCC_WARN_ABOUT_RETURN_TYPE = YES_ERROR;
				GCC_WARN_UNDECLARED_SELECTOR = YES;
				GCC_WARN_UNINITIALIZED_AUTOS = YES_AGGRESSIVE;
				GCC_WARN_UNUSED_FUNCTION = YES;
				GCC_WARN_UNUSED_VARIABLE = YES;
				IPHONEOS_DEPLOYMENT_TARGET = 13.0;
				MTL_ENABLE_DEBUG_INFO = INCLUDE_SOURCE;
				MTL_FAST_MATH = YES;
				ONLY_ACTIVE_ARCH = YES;
				OTHER_LDFLAGS = "-lsqlite3";
				SDKROOT = iphoneos;
				SWIFT_ACTIVE_COMPILATION_CONDITIONS = DEBUG;
				SWIFT_OPTIMIZATION_LEVEL = "-Onone";
			};
			name = Debug;
		};
		6662FAFC2541E37B00F8EA75 /* Release */ = {
			isa = XCBuildConfiguration;
			buildSettings = {
				ALWAYS_SEARCH_USER_PATHS = NO;
				CLANG_ANALYZER_NONNULL = YES;
				CLANG_ANALYZER_NUMBER_OBJECT_CONVERSION = YES_AGGRESSIVE;
				CLANG_CXX_LANGUAGE_STANDARD = "gnu++14";
				CLANG_CXX_LIBRARY = "libc++";
				CLANG_ENABLE_MODULES = YES;
				CLANG_ENABLE_OBJC_ARC = YES;
				CLANG_ENABLE_OBJC_WEAK = YES;
				CLANG_WARN_BLOCK_CAPTURE_AUTORELEASING = YES;
				CLANG_WARN_BOOL_CONVERSION = YES;
				CLANG_WARN_COMMA = YES;
				CLANG_WARN_CONSTANT_CONVERSION = YES;
				CLANG_WARN_DEPRECATED_OBJC_IMPLEMENTATIONS = YES;
				CLANG_WARN_DIRECT_OBJC_ISA_USAGE = YES_ERROR;
				CLANG_WARN_DOCUMENTATION_COMMENTS = YES;
				CLANG_WARN_EMPTY_BODY = YES;
				CLANG_WARN_ENUM_CONVERSION = YES;
				CLANG_WARN_INFINITE_RECURSION = YES;
				CLANG_WARN_INT_CONVERSION = YES;
				CLANG_WARN_NON_LITERAL_NULL_CONVERSION = YES;
				CLANG_WARN_OBJC_IMPLICIT_RETAIN_SELF = YES;
				CLANG_WARN_OBJC_LITERAL_CONVERSION = YES;
				CLANG_WARN_OBJC_ROOT_CLASS = YES_ERROR;
				CLANG_WARN_QUOTED_INCLUDE_IN_FRAMEWORK_HEADER = YES;
				CLANG_WARN_RANGE_LOOP_ANALYSIS = YES;
				CLANG_WARN_STRICT_PROTOTYPES = YES;
				CLANG_WARN_SUSPICIOUS_MOVE = YES;
				CLANG_WARN_UNGUARDED_AVAILABILITY = YES_AGGRESSIVE;
				CLANG_WARN_UNREACHABLE_CODE = YES;
				CLANG_WARN__DUPLICATE_METHOD_MATCH = YES;
				COPY_PHASE_STRIP = NO;
				DEBUG_INFORMATION_FORMAT = "dwarf-with-dsym";
				ENABLE_NS_ASSERTIONS = NO;
				ENABLE_STRICT_OBJC_MSGSEND = YES;
				GCC_C_LANGUAGE_STANDARD = gnu11;
				GCC_NO_COMMON_BLOCKS = YES;
				GCC_WARN_64_TO_32_BIT_CONVERSION = YES;
				GCC_WARN_ABOUT_RETURN_TYPE = YES_ERROR;
				GCC_WARN_UNDECLARED_SELECTOR = YES;
				GCC_WARN_UNINITIALIZED_AUTOS = YES_AGGRESSIVE;
				GCC_WARN_UNUSED_FUNCTION = YES;
				GCC_WARN_UNUSED_VARIABLE = YES;
				IPHONEOS_DEPLOYMENT_TARGET = 13.0;
				MTL_ENABLE_DEBUG_INFO = NO;
				MTL_FAST_MATH = YES;
				OTHER_LDFLAGS = "-lsqlite3";
				SDKROOT = iphoneos;
				SWIFT_COMPILATION_MODE = wholemodule;
				SWIFT_OPTIMIZATION_LEVEL = "-O";
				VALIDATE_PRODUCT = YES;
			};
			name = Release;
		};
		6662FAFE2541E37B00F8EA75 /* Debug */ = {
			isa = XCBuildConfiguration;
			baseConfigurationReference = 69FAB6A893C8CC831731BD58 /* Pods-Multiplatform Redux Sample.debug.xcconfig */;
			buildSettings = {
				ASSETCATALOG_COMPILER_APPICON_NAME = AppIcon;
				ASSETCATALOG_COMPILER_GLOBAL_ACCENT_COLOR_NAME = AccentColor;
				CODE_SIGN_STYLE = Automatic;
				DEVELOPMENT_TEAM = 5LVDC4HW22;
				INFOPLIST_FILE = "Multiplatform Redux Sample/Info.plist";
				LD_RUNPATH_SEARCH_PATHS = (
					"$(inherited)",
					"@executable_path/Frameworks",
				);
				PRODUCT_BUNDLE_IDENTIFIER = "ch.dreipol.Multiplatform-Redux-Sample";
				PRODUCT_NAME = "$(TARGET_NAME)";
				SWIFT_VERSION = 5.0;
				TARGETED_DEVICE_FAMILY = "1,2";
			};
			name = Debug;
		};
		6662FAFF2541E37B00F8EA75 /* Release */ = {
			isa = XCBuildConfiguration;
			baseConfigurationReference = F1ED01D8C724165A64A1C0F2 /* Pods-Multiplatform Redux Sample.release.xcconfig */;
			buildSettings = {
				ASSETCATALOG_COMPILER_APPICON_NAME = AppIcon;
				ASSETCATALOG_COMPILER_GLOBAL_ACCENT_COLOR_NAME = AccentColor;
				CODE_SIGN_STYLE = Automatic;
				DEVELOPMENT_TEAM = 5LVDC4HW22;
				INFOPLIST_FILE = "Multiplatform Redux Sample/Info.plist";
				LD_RUNPATH_SEARCH_PATHS = (
					"$(inherited)",
					"@executable_path/Frameworks",
				);
				PRODUCT_BUNDLE_IDENTIFIER = "ch.dreipol.Multiplatform-Redux-Sample";
				PRODUCT_NAME = "$(TARGET_NAME)";
				SWIFT_VERSION = 5.0;
				TARGETED_DEVICE_FAMILY = "1,2";
			};
			name = Release;
		};
		6662FB012541E37B00F8EA75 /* Debug */ = {
			isa = XCBuildConfiguration;
			baseConfigurationReference = 0B1F142D7E171A13F92B3971 /* Pods-Multiplatform Redux SampleTests.debug.xcconfig */;
			buildSettings = {
				ALWAYS_EMBED_SWIFT_STANDARD_LIBRARIES = YES;
				BUNDLE_LOADER = "$(TEST_HOST)";
				CODE_SIGN_STYLE = Automatic;
				DEVELOPMENT_TEAM = 5LVDC4HW22;
				INFOPLIST_FILE = "Multiplatform Redux SampleTests/Info.plist";
				IPHONEOS_DEPLOYMENT_TARGET = 14.1;
				LD_RUNPATH_SEARCH_PATHS = (
					"$(inherited)",
					"@executable_path/Frameworks",
					"@loader_path/Frameworks",
				);
				PRODUCT_BUNDLE_IDENTIFIER = "ch.dreipol.Multiplatform-Redux-SampleTests";
				PRODUCT_NAME = "$(TARGET_NAME)";
				SWIFT_VERSION = 5.0;
				TARGETED_DEVICE_FAMILY = "1,2";
				TEST_HOST = "$(BUILT_PRODUCTS_DIR)/Multiplatform Redux Sample.app/Multiplatform Redux Sample";
			};
			name = Debug;
		};
		6662FB022541E37B00F8EA75 /* Release */ = {
			isa = XCBuildConfiguration;
			baseConfigurationReference = 30133F92E2437A0F4DF3F33F /* Pods-Multiplatform Redux SampleTests.release.xcconfig */;
			buildSettings = {
				ALWAYS_EMBED_SWIFT_STANDARD_LIBRARIES = YES;
				BUNDLE_LOADER = "$(TEST_HOST)";
				CODE_SIGN_STYLE = Automatic;
				DEVELOPMENT_TEAM = 5LVDC4HW22;
				INFOPLIST_FILE = "Multiplatform Redux SampleTests/Info.plist";
				IPHONEOS_DEPLOYMENT_TARGET = 14.1;
				LD_RUNPATH_SEARCH_PATHS = (
					"$(inherited)",
					"@executable_path/Frameworks",
					"@loader_path/Frameworks",
				);
				PRODUCT_BUNDLE_IDENTIFIER = "ch.dreipol.Multiplatform-Redux-SampleTests";
				PRODUCT_NAME = "$(TARGET_NAME)";
				SWIFT_VERSION = 5.0;
				TARGETED_DEVICE_FAMILY = "1,2";
				TEST_HOST = "$(BUILT_PRODUCTS_DIR)/Multiplatform Redux Sample.app/Multiplatform Redux Sample";
			};
			name = Release;
		};
		6662FB042541E37B00F8EA75 /* Debug */ = {
			isa = XCBuildConfiguration;
			baseConfigurationReference = CF7B5639C4CB4C00A6788284 /* Pods-Multiplatform Redux Sample-Multiplatform Redux SampleUITests.debug.xcconfig */;
			buildSettings = {
				ALWAYS_EMBED_SWIFT_STANDARD_LIBRARIES = YES;
				CODE_SIGN_STYLE = Automatic;
				DEVELOPMENT_TEAM = 5LVDC4HW22;
				INFOPLIST_FILE = "Multiplatform Redux SampleUITests/Info.plist";
				LD_RUNPATH_SEARCH_PATHS = (
					"$(inherited)",
					"@executable_path/Frameworks",
					"@loader_path/Frameworks",
				);
				PRODUCT_BUNDLE_IDENTIFIER = "ch.dreipol.Multiplatform-Redux-SampleUITests";
				PRODUCT_NAME = "$(TARGET_NAME)";
				SWIFT_VERSION = 5.0;
				TARGETED_DEVICE_FAMILY = "1,2";
				TEST_TARGET_NAME = "Multiplatform Redux Sample";
			};
			name = Debug;
		};
		6662FB052541E37B00F8EA75 /* Release */ = {
			isa = XCBuildConfiguration;
			baseConfigurationReference = FBED0A85EEA5EEB1A504A5E4 /* Pods-Multiplatform Redux Sample-Multiplatform Redux SampleUITests.release.xcconfig */;
			buildSettings = {
				ALWAYS_EMBED_SWIFT_STANDARD_LIBRARIES = YES;
				CODE_SIGN_STYLE = Automatic;
				DEVELOPMENT_TEAM = 5LVDC4HW22;
				INFOPLIST_FILE = "Multiplatform Redux SampleUITests/Info.plist";
				LD_RUNPATH_SEARCH_PATHS = (
					"$(inherited)",
					"@executable_path/Frameworks",
					"@loader_path/Frameworks",
				);
				PRODUCT_BUNDLE_IDENTIFIER = "ch.dreipol.Multiplatform-Redux-SampleUITests";
				PRODUCT_NAME = "$(TARGET_NAME)";
				SWIFT_VERSION = 5.0;
				TARGETED_DEVICE_FAMILY = "1,2";
				TEST_TARGET_NAME = "Multiplatform Redux Sample";
			};
			name = Release;
		};
/* End XCBuildConfiguration section */

/* Begin XCConfigurationList section */
		6662FACE2541E37A00F8EA75 /* Build configuration list for PBXProject "Multiplatform Redux Sample" */ = {
			isa = XCConfigurationList;
			buildConfigurations = (
				6662FAFB2541E37B00F8EA75 /* Debug */,
				6662FAFC2541E37B00F8EA75 /* Release */,
			);
			defaultConfigurationIsVisible = 0;
			defaultConfigurationName = Release;
		};
		6662FAFD2541E37B00F8EA75 /* Build configuration list for PBXNativeTarget "Multiplatform Redux Sample" */ = {
			isa = XCConfigurationList;
			buildConfigurations = (
				6662FAFE2541E37B00F8EA75 /* Debug */,
				6662FAFF2541E37B00F8EA75 /* Release */,
			);
			defaultConfigurationIsVisible = 0;
			defaultConfigurationName = Release;
		};
		6662FB002541E37B00F8EA75 /* Build configuration list for PBXNativeTarget "Multiplatform Redux SampleTests" */ = {
			isa = XCConfigurationList;
			buildConfigurations = (
				6662FB012541E37B00F8EA75 /* Debug */,
				6662FB022541E37B00F8EA75 /* Release */,
			);
			defaultConfigurationIsVisible = 0;
			defaultConfigurationName = Release;
		};
		6662FB032541E37B00F8EA75 /* Build configuration list for PBXNativeTarget "Multiplatform Redux SampleUITests" */ = {
			isa = XCConfigurationList;
			buildConfigurations = (
				6662FB042541E37B00F8EA75 /* Debug */,
				6662FB052541E37B00F8EA75 /* Release */,
			);
			defaultConfigurationIsVisible = 0;
			defaultConfigurationName = Release;
		};
/* End XCConfigurationList section */
	};
	rootObject = 6662FACB2541E37A00F8EA75 /* Project object */;
}
