// !$*UTF8*$!
{
	archiveVersion = 1;
	classes = {
	};
	objectVersion = 51;
	objects = {

/* Begin PBXBuildFile section */
		42B56DB15D33A76AC636AACB /* Pods_Multiplatform_Redux_SampleTests.framework in Frameworks */ = {isa = PBXBuildFile; fileRef = 17BC53F3438DE6D08D1C8EBB /* Pods_Multiplatform_Redux_SampleTests.framework */; };
		650EB2B4D42670E2EFA22818 /* SubCoordinator.swift in Sources */ = {isa = PBXBuildFile; fileRef = 650EB0ABFBAB7C375DDC7F75 /* SubCoordinator.swift */; };
		664F4DC9254C194C00F21527 /* Coordinator.swift in Sources */ = {isa = PBXBuildFile; fileRef = 664F4DC8254C194C00F21527 /* Coordinator.swift */; };
		664F4DCD254C199200F21527 /* NavigationCoordinator.swift in Sources */ = {isa = PBXBuildFile; fileRef = 664F4DC7254C192900F21527 /* NavigationCoordinator.swift */; };
		664F4DD2254C1CD200F21527 /* OnbooardingCoordinator.swift in Sources */ = {isa = PBXBuildFile; fileRef = 664F4DD1254C1CD200F21527 /* OnbooardingCoordinator.swift */; };
		664F4DD9254C21D100F21527 /* Store+ApplicationState.swift in Sources */ = {isa = PBXBuildFile; fileRef = 664F4DD8254C21D100F21527 /* Store+ApplicationState.swift */; };
		664F4E07254C4B1900F21527 /* Localizable.strings in Resources */ = {isa = PBXBuildFile; fileRef = 664F4E09254C4B1900F21527 /* Localizable.strings */; };
		664F4E1B254C4C4B00F21527 /* LaunchScreen.storyboard in Resources */ = {isa = PBXBuildFile; fileRef = 664F4E1A254C4C4B00F21527 /* LaunchScreen.storyboard */; };
		6662FAD72541E37A00F8EA75 /* AppDelegate.swift in Sources */ = {isa = PBXBuildFile; fileRef = 6662FAD62541E37A00F8EA75 /* AppDelegate.swift */; };
		6662FAD92541E37A00F8EA75 /* SceneDelegate.swift in Sources */ = {isa = PBXBuildFile; fileRef = 6662FAD82541E37A00F8EA75 /* SceneDelegate.swift */; };
		6662FADB2541E37A00F8EA75 /* ViewController.swift in Sources */ = {isa = PBXBuildFile; fileRef = 6662FADA2541E37A00F8EA75 /* ViewController.swift */; };
		6662FAE02541E37B00F8EA75 /* Assets.xcassets in Resources */ = {isa = PBXBuildFile; fileRef = 6662FADF2541E37B00F8EA75 /* Assets.xcassets */; };
		6662FAEE2541E37B00F8EA75 /* Multiplatform_Redux_SampleTests.swift in Sources */ = {isa = PBXBuildFile; fileRef = 6662FAED2541E37B00F8EA75 /* Multiplatform_Redux_SampleTests.swift */; };
		6662FAF92541E37B00F8EA75 /* Multiplatform_Redux_SampleUITests.swift in Sources */ = {isa = PBXBuildFile; fileRef = 6662FAF82541E37B00F8EA75 /* Multiplatform_Redux_SampleUITests.swift */; };
		668F5E2E254C6E33009709D1 /* MainCoordinator.swift in Sources */ = {isa = PBXBuildFile; fileRef = 668F5E2D254C6E33009709D1 /* MainCoordinator.swift */; };
		668F5E36254C74B8009709D1 /* MainViewController.swift in Sources */ = {isa = PBXBuildFile; fileRef = 668F5E35254C74B8009709D1 /* MainViewController.swift */; };
		668F5E3B254C776C009709D1 /* CalendarViewController.swift in Sources */ = {isa = PBXBuildFile; fileRef = 668F5E3A254C776C009709D1 /* CalendarViewController.swift */; };
		668F5E40254C776F009709D1 /* InfoViewController.swift in Sources */ = {isa = PBXBuildFile; fileRef = 668F5E3F254C776F009709D1 /* InfoViewController.swift */; };
		668F5E48254C7787009709D1 /* SettingsViewController.swift in Sources */ = {isa = PBXBuildFile; fileRef = 668F5E47254C7787009709D1 /* SettingsViewController.swift */; };
		668F5E50254C79D9009709D1 /* TabBarCompatible.swift in Sources */ = {isa = PBXBuildFile; fileRef = 668F5E4F254C79D9009709D1 /* TabBarCompatible.swift */; };
		69AFBCE462A9B8C2A71EF249 /* Pods_Multiplatform_Redux_Sample.framework in Frameworks */ = {isa = PBXBuildFile; fileRef = A349CDAAF409A2BDA86CE2D3 /* Pods_Multiplatform_Redux_Sample.framework */; };
		8F3768FA8A2465B102F7B330 /* Pods_Multiplatform_Redux_Sample_Multiplatform_Redux_SampleUITests.framework in Frameworks */ = {isa = PBXBuildFile; fileRef = 487B6896E62C177257D65A1C /* Pods_Multiplatform_Redux_Sample_Multiplatform_Redux_SampleUITests.framework */; };
		A326782E2587ABC70051FF67 /* LinkableTextView.swift in Sources */ = {isa = PBXBuildFile; fileRef = A326782D2587ABC70051FF67 /* LinkableTextView.swift */; };
		A32678462587BA1A0051FF67 /* SettingsEntryControl.swift in Sources */ = {isa = PBXBuildFile; fileRef = A32678452587BA190051FF67 /* SettingsEntryControl.swift */; };
		A32697A0254FF2EC0048204F /* PrimaryButton.swift in Sources */ = {isa = PBXBuildFile; fileRef = A326979F254FF2EC0048204F /* PrimaryButton.swift */; };
		A32697A1254FF2EC0048204F /* PrimaryButton.swift in Sources */ = {isa = PBXBuildFile; fileRef = A326979F254FF2EC0048204F /* PrimaryButton.swift */; };
		A32697A2254FF2EC0048204F /* PrimaryButton.swift in Sources */ = {isa = PBXBuildFile; fileRef = A326979F254FF2EC0048204F /* PrimaryButton.swift */; };
		A32697AD25503E240048204F /* OpenSans-Bold.ttf in Resources */ = {isa = PBXBuildFile; fileRef = A32697AA25503E240048204F /* OpenSans-Bold.ttf */; };
		A32697AE25503E240048204F /* OpenSans-Bold.ttf in Resources */ = {isa = PBXBuildFile; fileRef = A32697AA25503E240048204F /* OpenSans-Bold.ttf */; };
		A32697AF25503E240048204F /* OpenSans-Bold.ttf in Resources */ = {isa = PBXBuildFile; fileRef = A32697AA25503E240048204F /* OpenSans-Bold.ttf */; };
		A32697B025503E240048204F /* OpenSans-SemiBold.ttf in Resources */ = {isa = PBXBuildFile; fileRef = A32697AB25503E240048204F /* OpenSans-SemiBold.ttf */; };
		A32697B125503E240048204F /* OpenSans-SemiBold.ttf in Resources */ = {isa = PBXBuildFile; fileRef = A32697AB25503E240048204F /* OpenSans-SemiBold.ttf */; };
		A32697B225503E240048204F /* OpenSans-SemiBold.ttf in Resources */ = {isa = PBXBuildFile; fileRef = A32697AB25503E240048204F /* OpenSans-SemiBold.ttf */; };
		A32697B325503E240048204F /* OpenSans-Regular.ttf in Resources */ = {isa = PBXBuildFile; fileRef = A32697AC25503E240048204F /* OpenSans-Regular.ttf */; };
		A32697B425503E240048204F /* OpenSans-Regular.ttf in Resources */ = {isa = PBXBuildFile; fileRef = A32697AC25503E240048204F /* OpenSans-Regular.ttf */; };
		A32697B525503E240048204F /* OpenSans-Regular.ttf in Resources */ = {isa = PBXBuildFile; fileRef = A32697AC25503E240048204F /* OpenSans-Regular.ttf */; };
		A33086F3255444C900CA5768 /* ZipCollectionViewCell.swift in Sources */ = {isa = PBXBuildFile; fileRef = A33086F2255444C900CA5768 /* ZipCollectionViewCell.swift */; };
		A33086F4255444C900CA5768 /* ZipCollectionViewCell.swift in Sources */ = {isa = PBXBuildFile; fileRef = A33086F2255444C900CA5768 /* ZipCollectionViewCell.swift */; };
		A33086F5255444C900CA5768 /* ZipCollectionViewCell.swift in Sources */ = {isa = PBXBuildFile; fileRef = A33086F2255444C900CA5768 /* ZipCollectionViewCell.swift */; };
		A330870525557C2700CA5768 /* ToggleListItem.swift in Sources */ = {isa = PBXBuildFile; fileRef = A330870425557C2700CA5768 /* ToggleListItem.swift */; };
		A330870625557C2700CA5768 /* ToggleListItem.swift in Sources */ = {isa = PBXBuildFile; fileRef = A330870425557C2700CA5768 /* ToggleListItem.swift */; };
		A330870725557C2700CA5768 /* ToggleListItem.swift in Sources */ = {isa = PBXBuildFile; fileRef = A330870425557C2700CA5768 /* ToggleListItem.swift */; };
		A389C49A256F8EFA003E553E /* UIImageView+Round.swift in Sources */ = {isa = PBXBuildFile; fileRef = A389C499256F8EFA003E553E /* UIImageView+Round.swift */; };
		A399A258256BA6E3003A1571 /* NextDisposalCell.swift in Sources */ = {isa = PBXBuildFile; fileRef = A399A257256BA6E3003A1571 /* NextDisposalCell.swift */; };
		A399A25D256BBCF6003A1571 /* DisposalCell.swift in Sources */ = {isa = PBXBuildFile; fileRef = A399A25C256BBCF6003A1571 /* DisposalCell.swift */; };
		A399A26F256BE41D003A1571 /* IntrinsicTableView.swift in Sources */ = {isa = PBXBuildFile; fileRef = A399A26E256BE41D003A1571 /* IntrinsicTableView.swift */; };
		A399A275256BE4DA003A1571 /* NextDisposalDataSource.swift in Sources */ = {isa = PBXBuildFile; fileRef = A399A274256BE4DA003A1571 /* NextDisposalDataSource.swift */; };
		A399A27D256BE536003A1571 /* AllDisposalsDataSource.swift in Sources */ = {isa = PBXBuildFile; fileRef = A399A27C256BE536003A1571 /* AllDisposalsDataSource.swift */; };
		A3B54477257E8F3E00AC7E93 /* String+HtmlBrand.swift in Sources */ = {isa = PBXBuildFile; fileRef = A3B54476257E8F3E00AC7E93 /* String+HtmlBrand.swift */; };
		A3C6C81B258B8C9C006B9049 /* ZipSettingsViewController.swift in Sources */ = {isa = PBXBuildFile; fileRef = A3C6C81A258B8C9C006B9049 /* ZipSettingsViewController.swift */; };
		A3C6C820258BAD7A006B9049 /* HeaderView.swift in Sources */ = {isa = PBXBuildFile; fileRef = A3C6C81F258BAD7A006B9049 /* HeaderView.swift */; };
		A3C6C825258BB860006B9049 /* ZipEnterControl.swift in Sources */ = {isa = PBXBuildFile; fileRef = A3C6C824258BB860006B9049 /* ZipEnterControl.swift */; };
		A3E1583225500A74009AFAB5 /* Constants.swift in Sources */ = {isa = PBXBuildFile; fileRef = A3E1583125500A74009AFAB5 /* Constants.swift */; };
		A3E1583325500A74009AFAB5 /* Constants.swift in Sources */ = {isa = PBXBuildFile; fileRef = A3E1583125500A74009AFAB5 /* Constants.swift */; };
		A3E1583425500A74009AFAB5 /* Constants.swift in Sources */ = {isa = PBXBuildFile; fileRef = A3E1583125500A74009AFAB5 /* Constants.swift */; };
		A3E158362550111D009AFAB5 /* UILabel+Brand.swift in Sources */ = {isa = PBXBuildFile; fileRef = A3E158352550111D009AFAB5 /* UILabel+Brand.swift */; };
		A3E158372550111D009AFAB5 /* UILabel+Brand.swift in Sources */ = {isa = PBXBuildFile; fileRef = A3E158352550111D009AFAB5 /* UILabel+Brand.swift */; };
		A3E158382550111D009AFAB5 /* UILabel+Brand.swift in Sources */ = {isa = PBXBuildFile; fileRef = A3E158352550111D009AFAB5 /* UILabel+Brand.swift */; };
		A3E1583A25501158009AFAB5 /* UIFont+Brand.swift in Sources */ = {isa = PBXBuildFile; fileRef = A3E1583925501158009AFAB5 /* UIFont+Brand.swift */; };
		A3E1583B25501158009AFAB5 /* UIFont+Brand.swift in Sources */ = {isa = PBXBuildFile; fileRef = A3E1583925501158009AFAB5 /* UIFont+Brand.swift */; };
		A3E1583C25501158009AFAB5 /* UIFont+Brand.swift in Sources */ = {isa = PBXBuildFile; fileRef = A3E1583925501158009AFAB5 /* UIFont+Brand.swift */; };
		A3E3FF7B25472F8400FA5442 /* UIColor+Brand.swift in Sources */ = {isa = PBXBuildFile; fileRef = A3E3FF7A25472F8400FA5442 /* UIColor+Brand.swift */; };
		A3E3FF7C25472F8400FA5442 /* UIColor+Brand.swift in Sources */ = {isa = PBXBuildFile; fileRef = A3E3FF7A25472F8400FA5442 /* UIColor+Brand.swift */; };
		A3E3FF7D25472F8400FA5442 /* UIColor+Brand.swift in Sources */ = {isa = PBXBuildFile; fileRef = A3E3FF7A25472F8400FA5442 /* UIColor+Brand.swift */; };
		A3E88B2A2571639500CEAF26 /* check_animation.json in Resources */ = {isa = PBXBuildFile; fileRef = A3E88B292571639500CEAF26 /* check_animation.json */; };
		A3F23DC8254C413D00DCEA0B /* OnboardingCardViewController.swift in Sources */ = {isa = PBXBuildFile; fileRef = A3F23DC7254C413D00DCEA0B /* OnboardingCardViewController.swift */; };
		A3F23DC9254C413D00DCEA0B /* OnboardingCardViewController.swift in Sources */ = {isa = PBXBuildFile; fileRef = A3F23DC7254C413D00DCEA0B /* OnboardingCardViewController.swift */; };
		A3F23DCA254C413D00DCEA0B /* OnboardingCardViewController.swift in Sources */ = {isa = PBXBuildFile; fileRef = A3F23DC7254C413D00DCEA0B /* OnboardingCardViewController.swift */; };
		A3F23DD0254C41B800DCEA0B /* PresenterViewController.swift in Sources */ = {isa = PBXBuildFile; fileRef = A3F23DCF254C41B800DCEA0B /* PresenterViewController.swift */; };
		A3F23DD1254C41B800DCEA0B /* PresenterViewController.swift in Sources */ = {isa = PBXBuildFile; fileRef = A3F23DCF254C41B800DCEA0B /* PresenterViewController.swift */; };
		A3F23DD2254C41B800DCEA0B /* PresenterViewController.swift in Sources */ = {isa = PBXBuildFile; fileRef = A3F23DCF254C41B800DCEA0B /* PresenterViewController.swift */; };
		A3F23DEA254C56DC00DCEA0B /* EnterZipViewController.swift in Sources */ = {isa = PBXBuildFile; fileRef = A3F23DE9254C56DC00DCEA0B /* EnterZipViewController.swift */; };
		A3F23DEB254C56DC00DCEA0B /* EnterZipViewController.swift in Sources */ = {isa = PBXBuildFile; fileRef = A3F23DE9254C56DC00DCEA0B /* EnterZipViewController.swift */; };
		A3F23DEC254C56DC00DCEA0B /* EnterZipViewController.swift in Sources */ = {isa = PBXBuildFile; fileRef = A3F23DE9254C56DC00DCEA0B /* EnterZipViewController.swift */; };
		A3F23DF1254C603300DCEA0B /* PagePresenterViewController.swift in Sources */ = {isa = PBXBuildFile; fileRef = A3F23DF0254C603300DCEA0B /* PagePresenterViewController.swift */; };
		A3F23DF2254C603300DCEA0B /* PagePresenterViewController.swift in Sources */ = {isa = PBXBuildFile; fileRef = A3F23DF0254C603300DCEA0B /* PagePresenterViewController.swift */; };
		A3F23DF3254C603300DCEA0B /* PagePresenterViewController.swift in Sources */ = {isa = PBXBuildFile; fileRef = A3F23DF0254C603300DCEA0B /* PagePresenterViewController.swift */; };
		A3F23DFB254C657E00DCEA0B /* OnbooardingCoordinator.swift in Sources */ = {isa = PBXBuildFile; fileRef = 664F4DD1254C1CD200F21527 /* OnbooardingCoordinator.swift */; };
		A3F23DFC254C657E00DCEA0B /* OnbooardingCoordinator.swift in Sources */ = {isa = PBXBuildFile; fileRef = 664F4DD1254C1CD200F21527 /* OnbooardingCoordinator.swift */; };
		A3F23E0C254C65DF00DCEA0B /* NavigationCoordinator.swift in Sources */ = {isa = PBXBuildFile; fileRef = 664F4DC7254C192900F21527 /* NavigationCoordinator.swift */; };
		A3F23E0D254C65DF00DCEA0B /* NavigationCoordinator.swift in Sources */ = {isa = PBXBuildFile; fileRef = 664F4DC7254C192900F21527 /* NavigationCoordinator.swift */; };
		A3F23E0E254C65DF00DCEA0B /* Coordinator.swift in Sources */ = {isa = PBXBuildFile; fileRef = 664F4DC8254C194C00F21527 /* Coordinator.swift */; };
		A3F23E0F254C65DF00DCEA0B /* Coordinator.swift in Sources */ = {isa = PBXBuildFile; fileRef = 664F4DC8254C194C00F21527 /* Coordinator.swift */; };
		A3F23E1D254C6BA500DCEA0B /* SelectDisposalTypesViewController.swift in Sources */ = {isa = PBXBuildFile; fileRef = A3F23E1C254C6BA500DCEA0B /* SelectDisposalTypesViewController.swift */; };
		A3F23E1E254C6BA500DCEA0B /* SelectDisposalTypesViewController.swift in Sources */ = {isa = PBXBuildFile; fileRef = A3F23E1C254C6BA500DCEA0B /* SelectDisposalTypesViewController.swift */; };
		A3F23E1F254C6BA500DCEA0B /* SelectDisposalTypesViewController.swift in Sources */ = {isa = PBXBuildFile; fileRef = A3F23E1C254C6BA500DCEA0B /* SelectDisposalTypesViewController.swift */; };
		A3F23E24254C6C1100DCEA0B /* BaseOnboardingViewController.swift in Sources */ = {isa = PBXBuildFile; fileRef = A3F23E23254C6C1100DCEA0B /* BaseOnboardingViewController.swift */; };
		A3F23E25254C6C1100DCEA0B /* BaseOnboardingViewController.swift in Sources */ = {isa = PBXBuildFile; fileRef = A3F23E23254C6C1100DCEA0B /* BaseOnboardingViewController.swift */; };
		A3F23E26254C6C1100DCEA0B /* BaseOnboardingViewController.swift in Sources */ = {isa = PBXBuildFile; fileRef = A3F23E23254C6C1100DCEA0B /* BaseOnboardingViewController.swift */; };
		A3F23E32254C7AF500DCEA0B /* AddNotificationViewController.swift in Sources */ = {isa = PBXBuildFile; fileRef = A3F23E31254C7AF500DCEA0B /* AddNotificationViewController.swift */; };
		A3F23E33254C7AF500DCEA0B /* AddNotificationViewController.swift in Sources */ = {isa = PBXBuildFile; fileRef = A3F23E31254C7AF500DCEA0B /* AddNotificationViewController.swift */; };
		A3F23E34254C7AF500DCEA0B /* AddNotificationViewController.swift in Sources */ = {isa = PBXBuildFile; fileRef = A3F23E31254C7AF500DCEA0B /* AddNotificationViewController.swift */; };
		A3F23E39254C7B3000DCEA0B /* OnboardingFinishViewController.swift in Sources */ = {isa = PBXBuildFile; fileRef = A3F23E38254C7B3000DCEA0B /* OnboardingFinishViewController.swift */; };
		A3F23E3A254C7B3000DCEA0B /* OnboardingFinishViewController.swift in Sources */ = {isa = PBXBuildFile; fileRef = A3F23E38254C7B3000DCEA0B /* OnboardingFinishViewController.swift */; };
		A3F23E3B254C7B3000DCEA0B /* OnboardingFinishViewController.swift in Sources */ = {isa = PBXBuildFile; fileRef = A3F23E38254C7B3000DCEA0B /* OnboardingFinishViewController.swift */; };
/* End PBXBuildFile section */

/* Begin PBXContainerItemProxy section */
		6662FAEA2541E37B00F8EA75 /* PBXContainerItemProxy */ = {
			isa = PBXContainerItemProxy;
			containerPortal = 6662FACB2541E37A00F8EA75 /* Project object */;
			proxyType = 1;
			remoteGlobalIDString = 6662FAD22541E37A00F8EA75;
			remoteInfo = "Multiplatform Redux Sample";
		};
		6662FAF52541E37B00F8EA75 /* PBXContainerItemProxy */ = {
			isa = PBXContainerItemProxy;
			containerPortal = 6662FACB2541E37A00F8EA75 /* Project object */;
			proxyType = 1;
			remoteGlobalIDString = 6662FAD22541E37A00F8EA75;
			remoteInfo = "Multiplatform Redux Sample";
		};
/* End PBXContainerItemProxy section */

/* Begin PBXFileReference section */
		17BC53F3438DE6D08D1C8EBB /* Pods_Multiplatform_Redux_SampleTests.framework */ = {isa = PBXFileReference; explicitFileType = wrapper.framework; includeInIndex = 0; path = Pods_Multiplatform_Redux_SampleTests.framework; sourceTree = BUILT_PRODUCTS_DIR; };
		208E1A5A907D6BAA7A8CFA68 /* Pods-Multiplatform Redux Sample.release.xcconfig */ = {isa = PBXFileReference; includeInIndex = 1; lastKnownFileType = text.xcconfig; name = "Pods-Multiplatform Redux Sample.release.xcconfig"; path = "Target Support Files/Pods-Multiplatform Redux Sample/Pods-Multiplatform Redux Sample.release.xcconfig"; sourceTree = "<group>"; };
		487B6896E62C177257D65A1C /* Pods_Multiplatform_Redux_Sample_Multiplatform_Redux_SampleUITests.framework */ = {isa = PBXFileReference; explicitFileType = wrapper.framework; includeInIndex = 0; path = Pods_Multiplatform_Redux_Sample_Multiplatform_Redux_SampleUITests.framework; sourceTree = BUILT_PRODUCTS_DIR; };
		650EB0ABFBAB7C375DDC7F75 /* SubCoordinator.swift */ = {isa = PBXFileReference; fileEncoding = 4; lastKnownFileType = sourcecode.swift; path = SubCoordinator.swift; sourceTree = "<group>"; };
		664F4DAD254C04A300F21527 /* iosMain */ = {isa = PBXFileReference; lastKnownFileType = folder; name = iosMain; path = ../../shared/src/iosMain; sourceTree = "<group>"; };
		664F4DAE254C04A300F21527 /* commonMain */ = {isa = PBXFileReference; lastKnownFileType = folder; name = commonMain; path = ../../shared/src/commonMain; sourceTree = "<group>"; };
		664F4DC7254C192900F21527 /* NavigationCoordinator.swift */ = {isa = PBXFileReference; lastKnownFileType = sourcecode.swift; path = NavigationCoordinator.swift; sourceTree = "<group>"; };
		664F4DC8254C194C00F21527 /* Coordinator.swift */ = {isa = PBXFileReference; lastKnownFileType = sourcecode.swift; path = Coordinator.swift; sourceTree = "<group>"; };
		664F4DD1254C1CD200F21527 /* OnbooardingCoordinator.swift */ = {isa = PBXFileReference; lastKnownFileType = sourcecode.swift; path = OnbooardingCoordinator.swift; sourceTree = "<group>"; };
		664F4DD8254C21D100F21527 /* Store+ApplicationState.swift */ = {isa = PBXFileReference; lastKnownFileType = sourcecode.swift; path = "Store+ApplicationState.swift"; sourceTree = "<group>"; };
		664F4E08254C4B1900F21527 /* en */ = {isa = PBXFileReference; lastKnownFileType = text.plist.strings; name = en; path = en.lproj/Localizable.strings; sourceTree = "<group>"; };
		664F4E0D254C4B2000F21527 /* de */ = {isa = PBXFileReference; lastKnownFileType = text.plist.strings; name = de; path = de.lproj/Localizable.strings; sourceTree = "<group>"; };
		664F4E1A254C4C4B00F21527 /* LaunchScreen.storyboard */ = {isa = PBXFileReference; fileEncoding = 4; lastKnownFileType = file.storyboard; path = LaunchScreen.storyboard; sourceTree = "<group>"; };
		6662FAD32541E37A00F8EA75 /* Multiplatform Redux Sample.app */ = {isa = PBXFileReference; explicitFileType = wrapper.application; includeInIndex = 0; path = "Multiplatform Redux Sample.app"; sourceTree = BUILT_PRODUCTS_DIR; };
		6662FAD62541E37A00F8EA75 /* AppDelegate.swift */ = {isa = PBXFileReference; lastKnownFileType = sourcecode.swift; path = AppDelegate.swift; sourceTree = "<group>"; };
		6662FAD82541E37A00F8EA75 /* SceneDelegate.swift */ = {isa = PBXFileReference; lastKnownFileType = sourcecode.swift; path = SceneDelegate.swift; sourceTree = "<group>"; };
		6662FADA2541E37A00F8EA75 /* ViewController.swift */ = {isa = PBXFileReference; lastKnownFileType = sourcecode.swift; path = ViewController.swift; sourceTree = "<group>"; };
		6662FADF2541E37B00F8EA75 /* Assets.xcassets */ = {isa = PBXFileReference; lastKnownFileType = folder.assetcatalog; path = Assets.xcassets; sourceTree = "<group>"; };
		6662FAE42541E37B00F8EA75 /* Info.plist */ = {isa = PBXFileReference; lastKnownFileType = text.plist.xml; path = Info.plist; sourceTree = "<group>"; };
		6662FAE92541E37B00F8EA75 /* Multiplatform Redux SampleTests.xctest */ = {isa = PBXFileReference; explicitFileType = wrapper.cfbundle; includeInIndex = 0; path = "Multiplatform Redux SampleTests.xctest"; sourceTree = BUILT_PRODUCTS_DIR; };
		6662FAED2541E37B00F8EA75 /* Multiplatform_Redux_SampleTests.swift */ = {isa = PBXFileReference; lastKnownFileType = sourcecode.swift; path = Multiplatform_Redux_SampleTests.swift; sourceTree = "<group>"; };
		6662FAEF2541E37B00F8EA75 /* Info.plist */ = {isa = PBXFileReference; lastKnownFileType = text.plist.xml; path = Info.plist; sourceTree = "<group>"; };
		6662FAF42541E37B00F8EA75 /* Multiplatform Redux SampleUITests.xctest */ = {isa = PBXFileReference; explicitFileType = wrapper.cfbundle; includeInIndex = 0; path = "Multiplatform Redux SampleUITests.xctest"; sourceTree = BUILT_PRODUCTS_DIR; };
		6662FAF82541E37B00F8EA75 /* Multiplatform_Redux_SampleUITests.swift */ = {isa = PBXFileReference; lastKnownFileType = sourcecode.swift; path = Multiplatform_Redux_SampleUITests.swift; sourceTree = "<group>"; };
		6662FAFA2541E37B00F8EA75 /* Info.plist */ = {isa = PBXFileReference; lastKnownFileType = text.plist.xml; path = Info.plist; sourceTree = "<group>"; };
		668F5E2D254C6E33009709D1 /* MainCoordinator.swift */ = {isa = PBXFileReference; lastKnownFileType = sourcecode.swift; path = MainCoordinator.swift; sourceTree = "<group>"; };
		668F5E35254C74B8009709D1 /* MainViewController.swift */ = {isa = PBXFileReference; lastKnownFileType = sourcecode.swift; path = MainViewController.swift; sourceTree = "<group>"; };
		668F5E3A254C776C009709D1 /* CalendarViewController.swift */ = {isa = PBXFileReference; lastKnownFileType = sourcecode.swift; path = CalendarViewController.swift; sourceTree = "<group>"; };
		668F5E3F254C776F009709D1 /* InfoViewController.swift */ = {isa = PBXFileReference; lastKnownFileType = sourcecode.swift; path = InfoViewController.swift; sourceTree = "<group>"; };
		668F5E47254C7787009709D1 /* SettingsViewController.swift */ = {isa = PBXFileReference; lastKnownFileType = sourcecode.swift; path = SettingsViewController.swift; sourceTree = "<group>"; };
		668F5E4F254C79D9009709D1 /* TabBarCompatible.swift */ = {isa = PBXFileReference; lastKnownFileType = sourcecode.swift; path = TabBarCompatible.swift; sourceTree = "<group>"; };
		A05A0AA8801F49DABA9F3E9F /* Pods-Multiplatform Redux Sample-Multiplatform Redux SampleUITests.release.xcconfig */ = {isa = PBXFileReference; includeInIndex = 1; lastKnownFileType = text.xcconfig; name = "Pods-Multiplatform Redux Sample-Multiplatform Redux SampleUITests.release.xcconfig"; path = "Target Support Files/Pods-Multiplatform Redux Sample-Multiplatform Redux SampleUITests/Pods-Multiplatform Redux Sample-Multiplatform Redux SampleUITests.release.xcconfig"; sourceTree = "<group>"; };
		A326782D2587ABC70051FF67 /* LinkableTextView.swift */ = {isa = PBXFileReference; lastKnownFileType = sourcecode.swift; path = LinkableTextView.swift; sourceTree = "<group>"; };
		A32678452587BA190051FF67 /* SettingsEntryControl.swift */ = {isa = PBXFileReference; lastKnownFileType = sourcecode.swift; path = SettingsEntryControl.swift; sourceTree = "<group>"; };
		A326979F254FF2EC0048204F /* PrimaryButton.swift */ = {isa = PBXFileReference; lastKnownFileType = sourcecode.swift; path = PrimaryButton.swift; sourceTree = "<group>"; };
		A32697AA25503E240048204F /* OpenSans-Bold.ttf */ = {isa = PBXFileReference; lastKnownFileType = file; path = "OpenSans-Bold.ttf"; sourceTree = "<group>"; };
		A32697AB25503E240048204F /* OpenSans-SemiBold.ttf */ = {isa = PBXFileReference; lastKnownFileType = file; path = "OpenSans-SemiBold.ttf"; sourceTree = "<group>"; };
		A32697AC25503E240048204F /* OpenSans-Regular.ttf */ = {isa = PBXFileReference; lastKnownFileType = file; path = "OpenSans-Regular.ttf"; sourceTree = "<group>"; };
		A33086F2255444C900CA5768 /* ZipCollectionViewCell.swift */ = {isa = PBXFileReference; lastKnownFileType = sourcecode.swift; path = ZipCollectionViewCell.swift; sourceTree = "<group>"; };
		A330870425557C2700CA5768 /* ToggleListItem.swift */ = {isa = PBXFileReference; lastKnownFileType = sourcecode.swift; path = ToggleListItem.swift; sourceTree = "<group>"; };
		A349CDAAF409A2BDA86CE2D3 /* Pods_Multiplatform_Redux_Sample.framework */ = {isa = PBXFileReference; explicitFileType = wrapper.framework; includeInIndex = 0; path = Pods_Multiplatform_Redux_Sample.framework; sourceTree = BUILT_PRODUCTS_DIR; };
		A389C499256F8EFA003E553E /* UIImageView+Round.swift */ = {isa = PBXFileReference; lastKnownFileType = sourcecode.swift; path = "UIImageView+Round.swift"; sourceTree = "<group>"; };
		A399A257256BA6E3003A1571 /* NextDisposalCell.swift */ = {isa = PBXFileReference; lastKnownFileType = sourcecode.swift; path = NextDisposalCell.swift; sourceTree = "<group>"; };
		A399A25C256BBCF6003A1571 /* DisposalCell.swift */ = {isa = PBXFileReference; lastKnownFileType = sourcecode.swift; path = DisposalCell.swift; sourceTree = "<group>"; };
		A399A26E256BE41D003A1571 /* IntrinsicTableView.swift */ = {isa = PBXFileReference; lastKnownFileType = sourcecode.swift; path = IntrinsicTableView.swift; sourceTree = "<group>"; };
		A399A274256BE4DA003A1571 /* NextDisposalDataSource.swift */ = {isa = PBXFileReference; lastKnownFileType = sourcecode.swift; path = NextDisposalDataSource.swift; sourceTree = "<group>"; };
		A399A27C256BE536003A1571 /* AllDisposalsDataSource.swift */ = {isa = PBXFileReference; lastKnownFileType = sourcecode.swift; path = AllDisposalsDataSource.swift; sourceTree = "<group>"; };
		A3B54476257E8F3E00AC7E93 /* String+HtmlBrand.swift */ = {isa = PBXFileReference; lastKnownFileType = sourcecode.swift; path = "String+HtmlBrand.swift"; sourceTree = "<group>"; };
		A3C6C81A258B8C9C006B9049 /* ZipSettingsViewController.swift */ = {isa = PBXFileReference; lastKnownFileType = sourcecode.swift; path = ZipSettingsViewController.swift; sourceTree = "<group>"; };
		A3C6C81F258BAD7A006B9049 /* HeaderView.swift */ = {isa = PBXFileReference; lastKnownFileType = sourcecode.swift; path = HeaderView.swift; sourceTree = "<group>"; };
		A3C6C824258BB860006B9049 /* ZipEnterControl.swift */ = {isa = PBXFileReference; lastKnownFileType = sourcecode.swift; path = ZipEnterControl.swift; sourceTree = "<group>"; };
		A3E1583125500A74009AFAB5 /* Constants.swift */ = {isa = PBXFileReference; lastKnownFileType = sourcecode.swift; path = Constants.swift; sourceTree = "<group>"; };
		A3E158352550111D009AFAB5 /* UILabel+Brand.swift */ = {isa = PBXFileReference; lastKnownFileType = sourcecode.swift; path = "UILabel+Brand.swift"; sourceTree = "<group>"; };
		A3E1583925501158009AFAB5 /* UIFont+Brand.swift */ = {isa = PBXFileReference; lastKnownFileType = sourcecode.swift; path = "UIFont+Brand.swift"; sourceTree = "<group>"; };
		A3E3FF7A25472F8400FA5442 /* UIColor+Brand.swift */ = {isa = PBXFileReference; lastKnownFileType = sourcecode.swift; name = "UIColor+Brand.swift"; path = "Multiplatform Redux Sample/UIColor+Brand.swift"; sourceTree = SOURCE_ROOT; };
		A3E88B292571639500CEAF26 /* check_animation.json */ = {isa = PBXFileReference; fileEncoding = 4; lastKnownFileType = text.json; path = check_animation.json; sourceTree = "<group>"; };
		A3F23DC7254C413D00DCEA0B /* OnboardingCardViewController.swift */ = {isa = PBXFileReference; lastKnownFileType = sourcecode.swift; path = OnboardingCardViewController.swift; sourceTree = "<group>"; };
		A3F23DCF254C41B800DCEA0B /* PresenterViewController.swift */ = {isa = PBXFileReference; lastKnownFileType = sourcecode.swift; path = PresenterViewController.swift; sourceTree = "<group>"; };
		A3F23DE9254C56DC00DCEA0B /* EnterZipViewController.swift */ = {isa = PBXFileReference; lastKnownFileType = sourcecode.swift; path = EnterZipViewController.swift; sourceTree = "<group>"; };
		A3F23DF0254C603300DCEA0B /* PagePresenterViewController.swift */ = {isa = PBXFileReference; lastKnownFileType = sourcecode.swift; path = PagePresenterViewController.swift; sourceTree = "<group>"; };
		A3F23E1C254C6BA500DCEA0B /* SelectDisposalTypesViewController.swift */ = {isa = PBXFileReference; lastKnownFileType = sourcecode.swift; path = SelectDisposalTypesViewController.swift; sourceTree = "<group>"; };
		A3F23E23254C6C1100DCEA0B /* BaseOnboardingViewController.swift */ = {isa = PBXFileReference; lastKnownFileType = sourcecode.swift; path = BaseOnboardingViewController.swift; sourceTree = "<group>"; };
		A3F23E31254C7AF500DCEA0B /* AddNotificationViewController.swift */ = {isa = PBXFileReference; lastKnownFileType = sourcecode.swift; path = AddNotificationViewController.swift; sourceTree = "<group>"; };
		A3F23E38254C7B3000DCEA0B /* OnboardingFinishViewController.swift */ = {isa = PBXFileReference; lastKnownFileType = sourcecode.swift; path = OnboardingFinishViewController.swift; sourceTree = "<group>"; };
		A7C4F2E4CE864110D370A0F6 /* Pods-Multiplatform Redux SampleTests.debug.xcconfig */ = {isa = PBXFileReference; includeInIndex = 1; lastKnownFileType = text.xcconfig; name = "Pods-Multiplatform Redux SampleTests.debug.xcconfig"; path = "Target Support Files/Pods-Multiplatform Redux SampleTests/Pods-Multiplatform Redux SampleTests.debug.xcconfig"; sourceTree = "<group>"; };
		AD0A36E7B6EADA9162E40763 /* Pods-Multiplatform Redux Sample.debug.xcconfig */ = {isa = PBXFileReference; includeInIndex = 1; lastKnownFileType = text.xcconfig; name = "Pods-Multiplatform Redux Sample.debug.xcconfig"; path = "Target Support Files/Pods-Multiplatform Redux Sample/Pods-Multiplatform Redux Sample.debug.xcconfig"; sourceTree = "<group>"; };
		E10A3717EDAE39D43AC9D0FD /* Pods-Multiplatform Redux Sample-Multiplatform Redux SampleUITests.debug.xcconfig */ = {isa = PBXFileReference; includeInIndex = 1; lastKnownFileType = text.xcconfig; name = "Pods-Multiplatform Redux Sample-Multiplatform Redux SampleUITests.debug.xcconfig"; path = "Target Support Files/Pods-Multiplatform Redux Sample-Multiplatform Redux SampleUITests/Pods-Multiplatform Redux Sample-Multiplatform Redux SampleUITests.debug.xcconfig"; sourceTree = "<group>"; };
		E772185947332615BA6AE359 /* Pods-Multiplatform Redux SampleTests.release.xcconfig */ = {isa = PBXFileReference; includeInIndex = 1; lastKnownFileType = text.xcconfig; name = "Pods-Multiplatform Redux SampleTests.release.xcconfig"; path = "Target Support Files/Pods-Multiplatform Redux SampleTests/Pods-Multiplatform Redux SampleTests.release.xcconfig"; sourceTree = "<group>"; };
/* End PBXFileReference section */

/* Begin PBXFrameworksBuildPhase section */
		6662FAD02541E37A00F8EA75 /* Frameworks */ = {
			isa = PBXFrameworksBuildPhase;
			buildActionMask = 2147483647;
			files = (
				69AFBCE462A9B8C2A71EF249 /* Pods_Multiplatform_Redux_Sample.framework in Frameworks */,
			);
			runOnlyForDeploymentPostprocessing = 0;
		};
		6662FAE62541E37B00F8EA75 /* Frameworks */ = {
			isa = PBXFrameworksBuildPhase;
			buildActionMask = 2147483647;
			files = (
				42B56DB15D33A76AC636AACB /* Pods_Multiplatform_Redux_SampleTests.framework in Frameworks */,
			);
			runOnlyForDeploymentPostprocessing = 0;
		};
		6662FAF12541E37B00F8EA75 /* Frameworks */ = {
			isa = PBXFrameworksBuildPhase;
			buildActionMask = 2147483647;
			files = (
				8F3768FA8A2465B102F7B330 /* Pods_Multiplatform_Redux_Sample_Multiplatform_Redux_SampleUITests.framework in Frameworks */,
			);
			runOnlyForDeploymentPostprocessing = 0;
		};
/* End PBXFrameworksBuildPhase section */

/* Begin PBXGroup section */
		5C463EBA182CD6806DAAA80E /* Frameworks */ = {
			isa = PBXGroup;
			children = (
				A349CDAAF409A2BDA86CE2D3 /* Pods_Multiplatform_Redux_Sample.framework */,
				487B6896E62C177257D65A1C /* Pods_Multiplatform_Redux_Sample_Multiplatform_Redux_SampleUITests.framework */,
				17BC53F3438DE6D08D1C8EBB /* Pods_Multiplatform_Redux_SampleTests.framework */,
			);
			name = Frameworks;
			sourceTree = "<group>";
		};
		664F4DAC254C046500F21527 /* kotlin */ = {
			isa = PBXGroup;
			children = (
				664F4DAE254C04A300F21527 /* commonMain */,
				664F4DAD254C04A300F21527 /* iosMain */,
			);
			name = kotlin;
			sourceTree = "<group>";
		};
		664F4DD7254C21A800F21527 /* MultiplatformExtensions */ = {
			isa = PBXGroup;
			children = (
				664F4DD8254C21D100F21527 /* Store+ApplicationState.swift */,
			);
			path = MultiplatformExtensions;
			sourceTree = "<group>";
		};
		664F4E06254C4B0800F21527 /* Resources */ = {
			isa = PBXGroup;
			children = (
				A3E88B292571639500CEAF26 /* check_animation.json */,
				6662FAE42541E37B00F8EA75 /* Info.plist */,
				664F4E1A254C4C4B00F21527 /* LaunchScreen.storyboard */,
				664F4E09254C4B1900F21527 /* Localizable.strings */,
			);
			path = Resources;
			sourceTree = "<group>";
		};
		6662FACA2541E37A00F8EA75 = {
			isa = PBXGroup;
			children = (
				664F4DAC254C046500F21527 /* kotlin */,
				6662FAD52541E37A00F8EA75 /* Multiplatform Redux Sample */,
				6662FAEC2541E37B00F8EA75 /* Multiplatform Redux SampleTests */,
				6662FAF72541E37B00F8EA75 /* Multiplatform Redux SampleUITests */,
				6662FAD42541E37A00F8EA75 /* Products */,
				77DFD45795EC3DE677023690 /* Pods */,
				5C463EBA182CD6806DAAA80E /* Frameworks */,
			);
			sourceTree = "<group>";
		};
		6662FAD42541E37A00F8EA75 /* Products */ = {
			isa = PBXGroup;
			children = (
				6662FAD32541E37A00F8EA75 /* Multiplatform Redux Sample.app */,
				6662FAE92541E37B00F8EA75 /* Multiplatform Redux SampleTests.xctest */,
				6662FAF42541E37B00F8EA75 /* Multiplatform Redux SampleUITests.xctest */,
			);
			name = Products;
			sourceTree = "<group>";
		};
		6662FAD52541E37A00F8EA75 /* Multiplatform Redux Sample */ = {
			isa = PBXGroup;
			children = (
				A3E3FF7925472F4D00FA5442 /* BrandExtension */,
				A3F23DCE254C419700DCEA0B /* General */,
				A3F23DB9254C3F7E00DCEA0B /* Onboarding */,
				664F4DD7254C21A800F21527 /* MultiplatformExtensions */,
				668F5E2C254C6E1C009709D1 /* Main */,
				A399A273256BE4A0003A1571 /* Dashboard */,
				A32678442587B9FB0051FF67 /* Settings */,
				A399A26D256BE40A003A1571 /* Utils */,
				6662FAD62541E37A00F8EA75 /* AppDelegate.swift */,
				6662FAD82541E37A00F8EA75 /* SceneDelegate.swift */,
				664F4E06254C4B0800F21527 /* Resources */,
				6662FADA2541E37A00F8EA75 /* ViewController.swift */,
				6662FADF2541E37B00F8EA75 /* Assets.xcassets */,
			);
			path = "Multiplatform Redux Sample";
			sourceTree = "<group>";
		};
		6662FAEC2541E37B00F8EA75 /* Multiplatform Redux SampleTests */ = {
			isa = PBXGroup;
			children = (
				6662FAED2541E37B00F8EA75 /* Multiplatform_Redux_SampleTests.swift */,
				6662FAEF2541E37B00F8EA75 /* Info.plist */,
			);
			path = "Multiplatform Redux SampleTests";
			sourceTree = "<group>";
		};
		6662FAF72541E37B00F8EA75 /* Multiplatform Redux SampleUITests */ = {
			isa = PBXGroup;
			children = (
				6662FAF82541E37B00F8EA75 /* Multiplatform_Redux_SampleUITests.swift */,
				6662FAFA2541E37B00F8EA75 /* Info.plist */,
			);
			path = "Multiplatform Redux SampleUITests";
			sourceTree = "<group>";
		};
		668F5E2C254C6E1C009709D1 /* Main */ = {
			isa = PBXGroup;
			children = (
				668F5E2D254C6E33009709D1 /* MainCoordinator.swift */,
				668F5E3A254C776C009709D1 /* CalendarViewController.swift */,
				668F5E3F254C776F009709D1 /* InfoViewController.swift */,
				668F5E47254C7787009709D1 /* SettingsViewController.swift */,
				668F5E35254C74B8009709D1 /* MainViewController.swift */,
			);
			path = Main;
			sourceTree = "<group>";
		};
		77DFD45795EC3DE677023690 /* Pods */ = {
			isa = PBXGroup;
			children = (
				AD0A36E7B6EADA9162E40763 /* Pods-Multiplatform Redux Sample.debug.xcconfig */,
				208E1A5A907D6BAA7A8CFA68 /* Pods-Multiplatform Redux Sample.release.xcconfig */,
				E10A3717EDAE39D43AC9D0FD /* Pods-Multiplatform Redux Sample-Multiplatform Redux SampleUITests.debug.xcconfig */,
				A05A0AA8801F49DABA9F3E9F /* Pods-Multiplatform Redux Sample-Multiplatform Redux SampleUITests.release.xcconfig */,
				A7C4F2E4CE864110D370A0F6 /* Pods-Multiplatform Redux SampleTests.debug.xcconfig */,
				E772185947332615BA6AE359 /* Pods-Multiplatform Redux SampleTests.release.xcconfig */,
			);
			path = Pods;
			sourceTree = "<group>";
		};
		A32678442587B9FB0051FF67 /* Settings */ = {
			isa = PBXGroup;
			children = (
				A32678452587BA190051FF67 /* SettingsEntryControl.swift */,
				A3C6C81A258B8C9C006B9049 /* ZipSettingsViewController.swift */,
			);
			path = Settings;
			sourceTree = "<group>";
		};
		A32697A925503DF30048204F /* Fonts */ = {
			isa = PBXGroup;
			children = (
				A32697AA25503E240048204F /* OpenSans-Bold.ttf */,
				A32697AC25503E240048204F /* OpenSans-Regular.ttf */,
				A32697AB25503E240048204F /* OpenSans-SemiBold.ttf */,
			);
			path = Fonts;
			sourceTree = "<group>";
		};
		A399A26D256BE40A003A1571 /* Utils */ = {
			isa = PBXGroup;
			children = (
				A399A26E256BE41D003A1571 /* IntrinsicTableView.swift */,
				A326782D2587ABC70051FF67 /* LinkableTextView.swift */,
				A3C6C81F258BAD7A006B9049 /* HeaderView.swift */,
				A3C6C824258BB860006B9049 /* ZipEnterControl.swift */,
			);
			path = Utils;
			sourceTree = "<group>";
		};
		A399A273256BE4A0003A1571 /* Dashboard */ = {
			isa = PBXGroup;
			children = (
				A399A257256BA6E3003A1571 /* NextDisposalCell.swift */,
				A399A25C256BBCF6003A1571 /* DisposalCell.swift */,
				A399A274256BE4DA003A1571 /* NextDisposalDataSource.swift */,
				A399A27C256BE536003A1571 /* AllDisposalsDataSource.swift */,
			);
			path = Dashboard;
			sourceTree = "<group>";
		};
		A3E3FF7925472F4D00FA5442 /* BrandExtension */ = {
			isa = PBXGroup;
			children = (
				A32697A925503DF30048204F /* Fonts */,
				A326979F254FF2EC0048204F /* PrimaryButton.swift */,
				A3E3FF7A25472F8400FA5442 /* UIColor+Brand.swift */,
				A3E158352550111D009AFAB5 /* UILabel+Brand.swift */,
				A3E1583925501158009AFAB5 /* UIFont+Brand.swift */,
				A389C499256F8EFA003E553E /* UIImageView+Round.swift */,
				A3B54476257E8F3E00AC7E93 /* String+HtmlBrand.swift */,
			);
			path = BrandExtension;
			sourceTree = "<group>";
		};
		A3F23DB9254C3F7E00DCEA0B /* Onboarding */ = {
			isa = PBXGroup;
			children = (
				A3F23DC7254C413D00DCEA0B /* OnboardingCardViewController.swift */,
				664F4DD1254C1CD200F21527 /* OnbooardingCoordinator.swift */,
				A3F23DE9254C56DC00DCEA0B /* EnterZipViewController.swift */,
				A3F23E1C254C6BA500DCEA0B /* SelectDisposalTypesViewController.swift */,
				A3F23E23254C6C1100DCEA0B /* BaseOnboardingViewController.swift */,
				A3F23E31254C7AF500DCEA0B /* AddNotificationViewController.swift */,
				A3F23E38254C7B3000DCEA0B /* OnboardingFinishViewController.swift */,
				A33086F2255444C900CA5768 /* ZipCollectionViewCell.swift */,
				A330870425557C2700CA5768 /* ToggleListItem.swift */,
			);
			path = Onboarding;
			sourceTree = "<group>";
		};
		A3F23DCE254C419700DCEA0B /* General */ = {
			isa = PBXGroup;
			children = (
				664F4DC7254C192900F21527 /* NavigationCoordinator.swift */,
				668F5E4F254C79D9009709D1 /* TabBarCompatible.swift */,
				664F4DC8254C194C00F21527 /* Coordinator.swift */,
				A3F23DCF254C41B800DCEA0B /* PresenterViewController.swift */,
				A3F23DF0254C603300DCEA0B /* PagePresenterViewController.swift */,
				650EB0ABFBAB7C375DDC7F75 /* SubCoordinator.swift */,
				A3E1583125500A74009AFAB5 /* Constants.swift */,
			);
			path = General;
			sourceTree = "<group>";
		};
/* End PBXGroup section */

/* Begin PBXNativeTarget section */
		6662FAD22541E37A00F8EA75 /* Multiplatform Redux Sample */ = {
			isa = PBXNativeTarget;
			buildConfigurationList = 6662FAFD2541E37B00F8EA75 /* Build configuration list for PBXNativeTarget "Multiplatform Redux Sample" */;
			buildPhases = (
				C0730A7FE812000E74E67227 /* [CP] Check Pods Manifest.lock */,
				664F4DDD254C43EE00F21527 /* Swiftlint */,
				664F4DDE254C441200F21527 /* download_translations.sh */,
				6662FACF2541E37A00F8EA75 /* Sources */,
				6662FAD02541E37A00F8EA75 /* Frameworks */,
				6662FAD12541E37A00F8EA75 /* Resources */,
				547C13B4FB58C6403273DFF3 /* [CP] Embed Pods Frameworks */,
			);
			buildRules = (
			);
			dependencies = (
			);
			name = "Multiplatform Redux Sample";
			productName = "Multiplatform Redux Sample";
			productReference = 6662FAD32541E37A00F8EA75 /* Multiplatform Redux Sample.app */;
			productType = "com.apple.product-type.application";
		};
		6662FAE82541E37B00F8EA75 /* Multiplatform Redux SampleTests */ = {
			isa = PBXNativeTarget;
			buildConfigurationList = 6662FB002541E37B00F8EA75 /* Build configuration list for PBXNativeTarget "Multiplatform Redux SampleTests" */;
			buildPhases = (
				6838240C9686BD05A95B70D6 /* [CP] Check Pods Manifest.lock */,
				6662FAE52541E37B00F8EA75 /* Sources */,
				6662FAE62541E37B00F8EA75 /* Frameworks */,
				6662FAE72541E37B00F8EA75 /* Resources */,
			);
			buildRules = (
			);
			dependencies = (
				6662FAEB2541E37B00F8EA75 /* PBXTargetDependency */,
			);
			name = "Multiplatform Redux SampleTests";
			productName = "Multiplatform Redux SampleTests";
			productReference = 6662FAE92541E37B00F8EA75 /* Multiplatform Redux SampleTests.xctest */;
			productType = "com.apple.product-type.bundle.unit-test";
		};
		6662FAF32541E37B00F8EA75 /* Multiplatform Redux SampleUITests */ = {
			isa = PBXNativeTarget;
			buildConfigurationList = 6662FB032541E37B00F8EA75 /* Build configuration list for PBXNativeTarget "Multiplatform Redux SampleUITests" */;
			buildPhases = (
				325230D5E6C1F7F7947677E0 /* [CP] Check Pods Manifest.lock */,
				6662FAF02541E37B00F8EA75 /* Sources */,
				6662FAF12541E37B00F8EA75 /* Frameworks */,
				6662FAF22541E37B00F8EA75 /* Resources */,
				261B8C956162E0B74E3B3019 /* [CP] Embed Pods Frameworks */,
			);
			buildRules = (
			);
			dependencies = (
				6662FAF62541E37B00F8EA75 /* PBXTargetDependency */,
			);
			name = "Multiplatform Redux SampleUITests";
			productName = "Multiplatform Redux SampleUITests";
			productReference = 6662FAF42541E37B00F8EA75 /* Multiplatform Redux SampleUITests.xctest */;
			productType = "com.apple.product-type.bundle.ui-testing";
		};
/* End PBXNativeTarget section */

/* Begin PBXProject section */
		6662FACB2541E37A00F8EA75 /* Project object */ = {
			isa = PBXProject;
			attributes = {
				LastSwiftUpdateCheck = 1210;
				LastUpgradeCheck = 1210;
				TargetAttributes = {
					6662FAD22541E37A00F8EA75 = {
						CreatedOnToolsVersion = 12.1;
					};
					6662FAE82541E37B00F8EA75 = {
						CreatedOnToolsVersion = 12.1;
						TestTargetID = 6662FAD22541E37A00F8EA75;
					};
					6662FAF32541E37B00F8EA75 = {
						CreatedOnToolsVersion = 12.1;
						TestTargetID = 6662FAD22541E37A00F8EA75;
					};
				};
			};
			buildConfigurationList = 6662FACE2541E37A00F8EA75 /* Build configuration list for PBXProject "Multiplatform Redux Sample" */;
			compatibilityVersion = "Xcode 9.3";
			developmentRegion = en;
			hasScannedForEncodings = 0;
			knownRegions = (
				en,
				de,
			);
			mainGroup = 6662FACA2541E37A00F8EA75;
			productRefGroup = 6662FAD42541E37A00F8EA75 /* Products */;
			projectDirPath = "";
			projectRoot = "";
			targets = (
				6662FAD22541E37A00F8EA75 /* Multiplatform Redux Sample */,
				6662FAE82541E37B00F8EA75 /* Multiplatform Redux SampleTests */,
				6662FAF32541E37B00F8EA75 /* Multiplatform Redux SampleUITests */,
			);
		};
/* End PBXProject section */

/* Begin PBXResourcesBuildPhase section */
		6662FAD12541E37A00F8EA75 /* Resources */ = {
			isa = PBXResourcesBuildPhase;
			buildActionMask = 2147483647;
			files = (
				664F4E1B254C4C4B00F21527 /* LaunchScreen.storyboard in Resources */,
				A3E88B2A2571639500CEAF26 /* check_animation.json in Resources */,
				664F4E07254C4B1900F21527 /* Localizable.strings in Resources */,
				A32697B025503E240048204F /* OpenSans-SemiBold.ttf in Resources */,
				A32697AD25503E240048204F /* OpenSans-Bold.ttf in Resources */,
				A32697B325503E240048204F /* OpenSans-Regular.ttf in Resources */,
				6662FAE02541E37B00F8EA75 /* Assets.xcassets in Resources */,
			);
			runOnlyForDeploymentPostprocessing = 0;
		};
		6662FAE72541E37B00F8EA75 /* Resources */ = {
			isa = PBXResourcesBuildPhase;
			buildActionMask = 2147483647;
			files = (
				A32697B125503E240048204F /* OpenSans-SemiBold.ttf in Resources */,
				A32697B425503E240048204F /* OpenSans-Regular.ttf in Resources */,
				A32697AE25503E240048204F /* OpenSans-Bold.ttf in Resources */,
			);
			runOnlyForDeploymentPostprocessing = 0;
		};
		6662FAF22541E37B00F8EA75 /* Resources */ = {
			isa = PBXResourcesBuildPhase;
			buildActionMask = 2147483647;
			files = (
				A32697B225503E240048204F /* OpenSans-SemiBold.ttf in Resources */,
				A32697B525503E240048204F /* OpenSans-Regular.ttf in Resources */,
				A32697AF25503E240048204F /* OpenSans-Bold.ttf in Resources */,
			);
			runOnlyForDeploymentPostprocessing = 0;
		};
/* End PBXResourcesBuildPhase section */

/* Begin PBXShellScriptBuildPhase section */
		261B8C956162E0B74E3B3019 /* [CP] Embed Pods Frameworks */ = {
			isa = PBXShellScriptBuildPhase;
			buildActionMask = 2147483647;
			files = (
			);
			inputFileListPaths = (
				"${PODS_ROOT}/Target Support Files/Pods-Multiplatform Redux Sample-Multiplatform Redux SampleUITests/Pods-Multiplatform Redux Sample-Multiplatform Redux SampleUITests-frameworks-${CONFIGURATION}-input-files.xcfilelist",
			);
			name = "[CP] Embed Pods Frameworks";
			outputFileListPaths = (
				"${PODS_ROOT}/Target Support Files/Pods-Multiplatform Redux Sample-Multiplatform Redux SampleUITests/Pods-Multiplatform Redux Sample-Multiplatform Redux SampleUITests-frameworks-${CONFIGURATION}-output-files.xcfilelist",
			);
			runOnlyForDeploymentPostprocessing = 0;
			shellPath = /bin/sh;
			shellScript = "\"${PODS_ROOT}/Target Support Files/Pods-Multiplatform Redux Sample-Multiplatform Redux SampleUITests/Pods-Multiplatform Redux Sample-Multiplatform Redux SampleUITests-frameworks.sh\"\n";
			showEnvVarsInLog = 0;
		};
		325230D5E6C1F7F7947677E0 /* [CP] Check Pods Manifest.lock */ = {
			isa = PBXShellScriptBuildPhase;
			buildActionMask = 2147483647;
			files = (
			);
			inputFileListPaths = (
			);
			inputPaths = (
				"${PODS_PODFILE_DIR_PATH}/Podfile.lock",
				"${PODS_ROOT}/Manifest.lock",
			);
			name = "[CP] Check Pods Manifest.lock";
			outputFileListPaths = (
			);
			outputPaths = (
				"$(DERIVED_FILE_DIR)/Pods-Multiplatform Redux Sample-Multiplatform Redux SampleUITests-checkManifestLockResult.txt",
			);
			runOnlyForDeploymentPostprocessing = 0;
			shellPath = /bin/sh;
			shellScript = "diff \"${PODS_PODFILE_DIR_PATH}/Podfile.lock\" \"${PODS_ROOT}/Manifest.lock\" > /dev/null\nif [ $? != 0 ] ; then\n    # print error to STDERR\n    echo \"error: The sandbox is not in sync with the Podfile.lock. Run 'pod install' or update your CocoaPods installation.\" >&2\n    exit 1\nfi\n# This output is used by Xcode 'outputs' to avoid re-running this script phase.\necho \"SUCCESS\" > \"${SCRIPT_OUTPUT_FILE_0}\"\n";
			showEnvVarsInLog = 0;
		};
		547C13B4FB58C6403273DFF3 /* [CP] Embed Pods Frameworks */ = {
			isa = PBXShellScriptBuildPhase;
			buildActionMask = 2147483647;
			files = (
			);
			inputFileListPaths = (
				"${PODS_ROOT}/Target Support Files/Pods-Multiplatform Redux Sample/Pods-Multiplatform Redux Sample-frameworks-${CONFIGURATION}-input-files.xcfilelist",
			);
			name = "[CP] Embed Pods Frameworks";
			outputFileListPaths = (
				"${PODS_ROOT}/Target Support Files/Pods-Multiplatform Redux Sample/Pods-Multiplatform Redux Sample-frameworks-${CONFIGURATION}-output-files.xcfilelist",
			);
			runOnlyForDeploymentPostprocessing = 0;
			shellPath = /bin/sh;
			shellScript = "\"${PODS_ROOT}/Target Support Files/Pods-Multiplatform Redux Sample/Pods-Multiplatform Redux Sample-frameworks.sh\"\n";
			showEnvVarsInLog = 0;
		};
		664F4DDD254C43EE00F21527 /* Swiftlint */ = {
			isa = PBXShellScriptBuildPhase;
			buildActionMask = 2147483647;
			files = (
			);
			inputFileListPaths = (
			);
			inputPaths = (
			);
			name = Swiftlint;
			outputFileListPaths = (
			);
			outputPaths = (
			);
			runOnlyForDeploymentPostprocessing = 0;
			shellPath = /bin/sh;
			shellScript = "if which swiftlint >/dev/null; then\n  swiftlint\nelse\n  echo \"warning: SwiftLint not installed, download from https://github.com/realm/SwiftLint\"\nfi\n";
		};
		664F4DDE254C441200F21527 /* download_translations.sh */ = {
			isa = PBXShellScriptBuildPhase;
			buildActionMask = 2147483647;
			files = (
			);
			inputFileListPaths = (
			);
			inputPaths = (
			);
			name = download_translations.sh;
			outputFileListPaths = (
			);
			outputPaths = (
			);
			runOnlyForDeploymentPostprocessing = 0;
			shellPath = /bin/sh;
			shellScript = "\"${SRCROOT}/Scripts/download_translations.sh\"\n";
		};
		6838240C9686BD05A95B70D6 /* [CP] Check Pods Manifest.lock */ = {
			isa = PBXShellScriptBuildPhase;
			buildActionMask = 2147483647;
			files = (
			);
			inputFileListPaths = (
			);
			inputPaths = (
				"${PODS_PODFILE_DIR_PATH}/Podfile.lock",
				"${PODS_ROOT}/Manifest.lock",
			);
			name = "[CP] Check Pods Manifest.lock";
			outputFileListPaths = (
			);
			outputPaths = (
				"$(DERIVED_FILE_DIR)/Pods-Multiplatform Redux SampleTests-checkManifestLockResult.txt",
			);
			runOnlyForDeploymentPostprocessing = 0;
			shellPath = /bin/sh;
			shellScript = "diff \"${PODS_PODFILE_DIR_PATH}/Podfile.lock\" \"${PODS_ROOT}/Manifest.lock\" > /dev/null\nif [ $? != 0 ] ; then\n    # print error to STDERR\n    echo \"error: The sandbox is not in sync with the Podfile.lock. Run 'pod install' or update your CocoaPods installation.\" >&2\n    exit 1\nfi\n# This output is used by Xcode 'outputs' to avoid re-running this script phase.\necho \"SUCCESS\" > \"${SCRIPT_OUTPUT_FILE_0}\"\n";
			showEnvVarsInLog = 0;
		};
		C0730A7FE812000E74E67227 /* [CP] Check Pods Manifest.lock */ = {
			isa = PBXShellScriptBuildPhase;
			buildActionMask = 2147483647;
			files = (
			);
			inputFileListPaths = (
			);
			inputPaths = (
				"${PODS_PODFILE_DIR_PATH}/Podfile.lock",
				"${PODS_ROOT}/Manifest.lock",
			);
			name = "[CP] Check Pods Manifest.lock";
			outputFileListPaths = (
			);
			outputPaths = (
				"$(DERIVED_FILE_DIR)/Pods-Multiplatform Redux Sample-checkManifestLockResult.txt",
			);
			runOnlyForDeploymentPostprocessing = 0;
			shellPath = /bin/sh;
			shellScript = "diff \"${PODS_PODFILE_DIR_PATH}/Podfile.lock\" \"${PODS_ROOT}/Manifest.lock\" > /dev/null\nif [ $? != 0 ] ; then\n    # print error to STDERR\n    echo \"error: The sandbox is not in sync with the Podfile.lock. Run 'pod install' or update your CocoaPods installation.\" >&2\n    exit 1\nfi\n# This output is used by Xcode 'outputs' to avoid re-running this script phase.\necho \"SUCCESS\" > \"${SCRIPT_OUTPUT_FILE_0}\"\n";
			showEnvVarsInLog = 0;
		};
/* End PBXShellScriptBuildPhase section */

/* Begin PBXSourcesBuildPhase section */
		6662FACF2541E37A00F8EA75 /* Sources */ = {
			isa = PBXSourcesBuildPhase;
			buildActionMask = 2147483647;
			files = (
				A3E1583225500A74009AFAB5 /* Constants.swift in Sources */,
				668F5E3B254C776C009709D1 /* CalendarViewController.swift in Sources */,
				6662FADB2541E37A00F8EA75 /* ViewController.swift in Sources */,
				A326782E2587ABC70051FF67 /* LinkableTextView.swift in Sources */,
				A399A258256BA6E3003A1571 /* NextDisposalCell.swift in Sources */,
				A3E3FF7B25472F8400FA5442 /* UIColor+Brand.swift in Sources */,
				668F5E50254C79D9009709D1 /* TabBarCompatible.swift in Sources */,
				A3F23E39254C7B3000DCEA0B /* OnboardingFinishViewController.swift in Sources */,
				664F4DC9254C194C00F21527 /* Coordinator.swift in Sources */,
				A3F23E1D254C6BA500DCEA0B /* SelectDisposalTypesViewController.swift in Sources */,
				A399A26F256BE41D003A1571 /* IntrinsicTableView.swift in Sources */,
				6662FAD72541E37A00F8EA75 /* AppDelegate.swift in Sources */,
				A3F23DF1254C603300DCEA0B /* PagePresenterViewController.swift in Sources */,
				668F5E48254C7787009709D1 /* SettingsViewController.swift in Sources */,
				A3C6C81B258B8C9C006B9049 /* ZipSettingsViewController.swift in Sources */,
				A3C6C820258BAD7A006B9049 /* HeaderView.swift in Sources */,
				668F5E40254C776F009709D1 /* InfoViewController.swift in Sources */,
				A33086F3255444C900CA5768 /* ZipCollectionViewCell.swift in Sources */,
				A3B54477257E8F3E00AC7E93 /* String+HtmlBrand.swift in Sources */,
				A32678462587BA1A0051FF67 /* SettingsEntryControl.swift in Sources */,
				A32697A0254FF2EC0048204F /* PrimaryButton.swift in Sources */,
				A399A25D256BBCF6003A1571 /* DisposalCell.swift in Sources */,
				A399A27D256BE536003A1571 /* AllDisposalsDataSource.swift in Sources */,
				A330870525557C2700CA5768 /* ToggleListItem.swift in Sources */,
				664F4DD9254C21D100F21527 /* Store+ApplicationState.swift in Sources */,
				A389C49A256F8EFA003E553E /* UIImageView+Round.swift in Sources */,
				664F4DD2254C1CD200F21527 /* OnbooardingCoordinator.swift in Sources */,
				A3E1583A25501158009AFAB5 /* UIFont+Brand.swift in Sources */,
				668F5E36254C74B8009709D1 /* MainViewController.swift in Sources */,
				664F4DCD254C199200F21527 /* NavigationCoordinator.swift in Sources */,
				A3F23DD0254C41B800DCEA0B /* PresenterViewController.swift in Sources */,
				A3E158362550111D009AFAB5 /* UILabel+Brand.swift in Sources */,
				A3F23E24254C6C1100DCEA0B /* BaseOnboardingViewController.swift in Sources */,
				A3F23E32254C7AF500DCEA0B /* AddNotificationViewController.swift in Sources */,
				6662FAD92541E37A00F8EA75 /* SceneDelegate.swift in Sources */,
				668F5E2E254C6E33009709D1 /* MainCoordinator.swift in Sources */,
				A3F23DEA254C56DC00DCEA0B /* EnterZipViewController.swift in Sources */,
				A3F23DC8254C413D00DCEA0B /* OnboardingCardViewController.swift in Sources */,
				A399A275256BE4DA003A1571 /* NextDisposalDataSource.swift in Sources */,
				650EB2B4D42670E2EFA22818 /* SubCoordinator.swift in Sources */,
				A3C6C825258BB860006B9049 /* ZipEnterControl.swift in Sources */,
			);
			runOnlyForDeploymentPostprocessing = 0;
		};
		6662FAE52541E37B00F8EA75 /* Sources */ = {
			isa = PBXSourcesBuildPhase;
			buildActionMask = 2147483647;
			files = (
				A330870625557C2700CA5768 /* ToggleListItem.swift in Sources */,
				A3E1583B25501158009AFAB5 /* UIFont+Brand.swift in Sources */,
				6662FAEE2541E37B00F8EA75 /* Multiplatform_Redux_SampleTests.swift in Sources */,
				A3E3FF7C25472F8400FA5442 /* UIColor+Brand.swift in Sources */,
				A3F23E3A254C7B3000DCEA0B /* OnboardingFinishViewController.swift in Sources */,
				A3F23E0C254C65DF00DCEA0B /* NavigationCoordinator.swift in Sources */,
				A3F23DC9254C413D00DCEA0B /* OnboardingCardViewController.swift in Sources */,
				A33086F4255444C900CA5768 /* ZipCollectionViewCell.swift in Sources */,
				A3E1583325500A74009AFAB5 /* Constants.swift in Sources */,
				A3F23DEB254C56DC00DCEA0B /* EnterZipViewController.swift in Sources */,
				A3F23E33254C7AF500DCEA0B /* AddNotificationViewController.swift in Sources */,
				A32697A1254FF2EC0048204F /* PrimaryButton.swift in Sources */,
				A3F23E25254C6C1100DCEA0B /* BaseOnboardingViewController.swift in Sources */,
				A3F23E1E254C6BA500DCEA0B /* SelectDisposalTypesViewController.swift in Sources */,
				A3F23DFC254C657E00DCEA0B /* OnbooardingCoordinator.swift in Sources */,
				A3F23DF2254C603300DCEA0B /* PagePresenterViewController.swift in Sources */,
				A3F23DD1254C41B800DCEA0B /* PresenterViewController.swift in Sources */,
				A3E158372550111D009AFAB5 /* UILabel+Brand.swift in Sources */,
				A3F23E0E254C65DF00DCEA0B /* Coordinator.swift in Sources */,
			);
			runOnlyForDeploymentPostprocessing = 0;
		};
		6662FAF02541E37B00F8EA75 /* Sources */ = {
			isa = PBXSourcesBuildPhase;
			buildActionMask = 2147483647;
			files = (
				A330870725557C2700CA5768 /* ToggleListItem.swift in Sources */,
				A3E1583C25501158009AFAB5 /* UIFont+Brand.swift in Sources */,
				6662FAF92541E37B00F8EA75 /* Multiplatform_Redux_SampleUITests.swift in Sources */,
				A3E3FF7D25472F8400FA5442 /* UIColor+Brand.swift in Sources */,
				A3F23E3B254C7B3000DCEA0B /* OnboardingFinishViewController.swift in Sources */,
				A3F23E0D254C65DF00DCEA0B /* NavigationCoordinator.swift in Sources */,
				A3F23DCA254C413D00DCEA0B /* OnboardingCardViewController.swift in Sources */,
				A33086F5255444C900CA5768 /* ZipCollectionViewCell.swift in Sources */,
				A3E1583425500A74009AFAB5 /* Constants.swift in Sources */,
				A3F23DEC254C56DC00DCEA0B /* EnterZipViewController.swift in Sources */,
				A3F23E34254C7AF500DCEA0B /* AddNotificationViewController.swift in Sources */,
				A32697A2254FF2EC0048204F /* PrimaryButton.swift in Sources */,
				A3F23E26254C6C1100DCEA0B /* BaseOnboardingViewController.swift in Sources */,
				A3F23E1F254C6BA500DCEA0B /* SelectDisposalTypesViewController.swift in Sources */,
				A3F23DFB254C657E00DCEA0B /* OnbooardingCoordinator.swift in Sources */,
				A3F23DF3254C603300DCEA0B /* PagePresenterViewController.swift in Sources */,
				A3F23DD2254C41B800DCEA0B /* PresenterViewController.swift in Sources */,
				A3E158382550111D009AFAB5 /* UILabel+Brand.swift in Sources */,
				A3F23E0F254C65DF00DCEA0B /* Coordinator.swift in Sources */,
			);
			runOnlyForDeploymentPostprocessing = 0;
		};
/* End PBXSourcesBuildPhase section */

/* Begin PBXTargetDependency section */
		6662FAEB2541E37B00F8EA75 /* PBXTargetDependency */ = {
			isa = PBXTargetDependency;
			target = 6662FAD22541E37A00F8EA75 /* Multiplatform Redux Sample */;
			targetProxy = 6662FAEA2541E37B00F8EA75 /* PBXContainerItemProxy */;
		};
		6662FAF62541E37B00F8EA75 /* PBXTargetDependency */ = {
			isa = PBXTargetDependency;
			target = 6662FAD22541E37A00F8EA75 /* Multiplatform Redux Sample */;
			targetProxy = 6662FAF52541E37B00F8EA75 /* PBXContainerItemProxy */;
		};
/* End PBXTargetDependency section */

/* Begin PBXVariantGroup section */
		664F4E09254C4B1900F21527 /* Localizable.strings */ = {
			isa = PBXVariantGroup;
			children = (
				664F4E08254C4B1900F21527 /* en */,
				664F4E0D254C4B2000F21527 /* de */,
			);
			name = Localizable.strings;
			sourceTree = "<group>";
		};
/* End PBXVariantGroup section */

/* Begin XCBuildConfiguration section */
		6662FAFB2541E37B00F8EA75 /* Debug */ = {
			isa = XCBuildConfiguration;
			buildSettings = {
				ALWAYS_SEARCH_USER_PATHS = NO;
				CLANG_ANALYZER_LOCALIZABILITY_NONLOCALIZED = YES;
				CLANG_ANALYZER_NONNULL = YES;
				CLANG_ANALYZER_NUMBER_OBJECT_CONVERSION = YES_AGGRESSIVE;
				CLANG_CXX_LANGUAGE_STANDARD = "gnu++14";
				CLANG_CXX_LIBRARY = "libc++";
				CLANG_ENABLE_MODULES = YES;
				CLANG_ENABLE_OBJC_ARC = YES;
				CLANG_ENABLE_OBJC_WEAK = YES;
				CLANG_WARN_BLOCK_CAPTURE_AUTORELEASING = YES;
				CLANG_WARN_BOOL_CONVERSION = YES;
				CLANG_WARN_COMMA = YES;
				CLANG_WARN_CONSTANT_CONVERSION = YES;
				CLANG_WARN_DEPRECATED_OBJC_IMPLEMENTATIONS = YES;
				CLANG_WARN_DIRECT_OBJC_ISA_USAGE = YES_ERROR;
				CLANG_WARN_DOCUMENTATION_COMMENTS = YES;
				CLANG_WARN_EMPTY_BODY = YES;
				CLANG_WARN_ENUM_CONVERSION = YES;
				CLANG_WARN_INFINITE_RECURSION = YES;
				CLANG_WARN_INT_CONVERSION = YES;
				CLANG_WARN_NON_LITERAL_NULL_CONVERSION = YES;
				CLANG_WARN_OBJC_IMPLICIT_RETAIN_SELF = YES;
				CLANG_WARN_OBJC_LITERAL_CONVERSION = YES;
				CLANG_WARN_OBJC_ROOT_CLASS = YES_ERROR;
				CLANG_WARN_QUOTED_INCLUDE_IN_FRAMEWORK_HEADER = YES;
				CLANG_WARN_RANGE_LOOP_ANALYSIS = YES;
				CLANG_WARN_STRICT_PROTOTYPES = YES;
				CLANG_WARN_SUSPICIOUS_MOVE = YES;
				CLANG_WARN_UNGUARDED_AVAILABILITY = YES_AGGRESSIVE;
				CLANG_WARN_UNREACHABLE_CODE = YES;
				CLANG_WARN__DUPLICATE_METHOD_MATCH = YES;
				COPY_PHASE_STRIP = NO;
				DEBUG_INFORMATION_FORMAT = dwarf;
				ENABLE_STRICT_OBJC_MSGSEND = YES;
				ENABLE_TESTABILITY = YES;
				GCC_C_LANGUAGE_STANDARD = gnu11;
				GCC_DYNAMIC_NO_PIC = NO;
				GCC_NO_COMMON_BLOCKS = YES;
				GCC_OPTIMIZATION_LEVEL = 0;
				GCC_PREPROCESSOR_DEFINITIONS = (
					"DEBUG=1",
					"$(inherited)",
				);
				GCC_WARN_64_TO_32_BIT_CONVERSION = YES;
				GCC_WARN_ABOUT_RETURN_TYPE = YES_ERROR;
				GCC_WARN_UNDECLARED_SELECTOR = YES;
				GCC_WARN_UNINITIALIZED_AUTOS = YES_AGGRESSIVE;
				GCC_WARN_UNUSED_FUNCTION = YES;
				GCC_WARN_UNUSED_VARIABLE = YES;
				IPHONEOS_DEPLOYMENT_TARGET = 13.0;
				MTL_ENABLE_DEBUG_INFO = INCLUDE_SOURCE;
				MTL_FAST_MATH = YES;
				ONLY_ACTIVE_ARCH = YES;
				OTHER_LDFLAGS = "-lsqlite3";
				SDKROOT = iphoneos;
				SWIFT_ACTIVE_COMPILATION_CONDITIONS = DEBUG;
				SWIFT_OPTIMIZATION_LEVEL = "-Onone";
			};
			name = Debug;
		};
		6662FAFC2541E37B00F8EA75 /* Release */ = {
			isa = XCBuildConfiguration;
			buildSettings = {
				ALWAYS_SEARCH_USER_PATHS = NO;
				CLANG_ANALYZER_LOCALIZABILITY_NONLOCALIZED = YES;
				CLANG_ANALYZER_NONNULL = YES;
				CLANG_ANALYZER_NUMBER_OBJECT_CONVERSION = YES_AGGRESSIVE;
				CLANG_CXX_LANGUAGE_STANDARD = "gnu++14";
				CLANG_CXX_LIBRARY = "libc++";
				CLANG_ENABLE_MODULES = YES;
				CLANG_ENABLE_OBJC_ARC = YES;
				CLANG_ENABLE_OBJC_WEAK = YES;
				CLANG_WARN_BLOCK_CAPTURE_AUTORELEASING = YES;
				CLANG_WARN_BOOL_CONVERSION = YES;
				CLANG_WARN_COMMA = YES;
				CLANG_WARN_CONSTANT_CONVERSION = YES;
				CLANG_WARN_DEPRECATED_OBJC_IMPLEMENTATIONS = YES;
				CLANG_WARN_DIRECT_OBJC_ISA_USAGE = YES_ERROR;
				CLANG_WARN_DOCUMENTATION_COMMENTS = YES;
				CLANG_WARN_EMPTY_BODY = YES;
				CLANG_WARN_ENUM_CONVERSION = YES;
				CLANG_WARN_INFINITE_RECURSION = YES;
				CLANG_WARN_INT_CONVERSION = YES;
				CLANG_WARN_NON_LITERAL_NULL_CONVERSION = YES;
				CLANG_WARN_OBJC_IMPLICIT_RETAIN_SELF = YES;
				CLANG_WARN_OBJC_LITERAL_CONVERSION = YES;
				CLANG_WARN_OBJC_ROOT_CLASS = YES_ERROR;
				CLANG_WARN_QUOTED_INCLUDE_IN_FRAMEWORK_HEADER = YES;
				CLANG_WARN_RANGE_LOOP_ANALYSIS = YES;
				CLANG_WARN_STRICT_PROTOTYPES = YES;
				CLANG_WARN_SUSPICIOUS_MOVE = YES;
				CLANG_WARN_UNGUARDED_AVAILABILITY = YES_AGGRESSIVE;
				CLANG_WARN_UNREACHABLE_CODE = YES;
				CLANG_WARN__DUPLICATE_METHOD_MATCH = YES;
				COPY_PHASE_STRIP = NO;
				DEBUG_INFORMATION_FORMAT = "dwarf-with-dsym";
				ENABLE_NS_ASSERTIONS = NO;
				ENABLE_STRICT_OBJC_MSGSEND = YES;
				GCC_C_LANGUAGE_STANDARD = gnu11;
				GCC_NO_COMMON_BLOCKS = YES;
				GCC_WARN_64_TO_32_BIT_CONVERSION = YES;
				GCC_WARN_ABOUT_RETURN_TYPE = YES_ERROR;
				GCC_WARN_UNDECLARED_SELECTOR = YES;
				GCC_WARN_UNINITIALIZED_AUTOS = YES_AGGRESSIVE;
				GCC_WARN_UNUSED_FUNCTION = YES;
				GCC_WARN_UNUSED_VARIABLE = YES;
				IPHONEOS_DEPLOYMENT_TARGET = 13.0;
				MTL_ENABLE_DEBUG_INFO = NO;
				MTL_FAST_MATH = YES;
				OTHER_LDFLAGS = "-lsqlite3";
				SDKROOT = iphoneos;
				SWIFT_COMPILATION_MODE = wholemodule;
				SWIFT_OPTIMIZATION_LEVEL = "-O";
				VALIDATE_PRODUCT = YES;
			};
			name = Release;
		};
		6662FAFE2541E37B00F8EA75 /* Debug */ = {
			isa = XCBuildConfiguration;
			baseConfigurationReference = AD0A36E7B6EADA9162E40763 /* Pods-Multiplatform Redux Sample.debug.xcconfig */;
			buildSettings = {
				ASSETCATALOG_COMPILER_APPICON_NAME = AppIcon;
				ASSETCATALOG_COMPILER_GLOBAL_ACCENT_COLOR_NAME = AccentColor;
				CODE_SIGN_STYLE = Automatic;
				DEVELOPMENT_TEAM = 5LVDC4HW22;
				INFOPLIST_FILE = "Multiplatform Redux Sample/Resources/Info.plist";
				LD_RUNPATH_SEARCH_PATHS = (
					"$(inherited)",
					"@executable_path/Frameworks",
				);
				PRODUCT_BUNDLE_IDENTIFIER = "ch.dreipol.Multiplatform-Redux-Sample";
				PRODUCT_NAME = "$(TARGET_NAME)";
				SWIFT_VERSION = 5.0;
				TARGETED_DEVICE_FAMILY = "1,2";
			};
			name = Debug;
		};
		6662FAFF2541E37B00F8EA75 /* Release */ = {
			isa = XCBuildConfiguration;
			baseConfigurationReference = 208E1A5A907D6BAA7A8CFA68 /* Pods-Multiplatform Redux Sample.release.xcconfig */;
			buildSettings = {
				ASSETCATALOG_COMPILER_APPICON_NAME = AppIcon;
				ASSETCATALOG_COMPILER_GLOBAL_ACCENT_COLOR_NAME = AccentColor;
				CODE_SIGN_STYLE = Automatic;
				DEVELOPMENT_TEAM = 5LVDC4HW22;
				INFOPLIST_FILE = "Multiplatform Redux Sample/Resources/Info.plist";
				LD_RUNPATH_SEARCH_PATHS = (
					"$(inherited)",
					"@executable_path/Frameworks",
				);
				PRODUCT_BUNDLE_IDENTIFIER = "ch.dreipol.Multiplatform-Redux-Sample";
				PRODUCT_NAME = "$(TARGET_NAME)";
				SWIFT_VERSION = 5.0;
				TARGETED_DEVICE_FAMILY = "1,2";
			};
			name = Release;
		};
		6662FB012541E37B00F8EA75 /* Debug */ = {
			isa = XCBuildConfiguration;
			baseConfigurationReference = A7C4F2E4CE864110D370A0F6 /* Pods-Multiplatform Redux SampleTests.debug.xcconfig */;
			buildSettings = {
				ALWAYS_EMBED_SWIFT_STANDARD_LIBRARIES = YES;
				BUNDLE_LOADER = "$(TEST_HOST)";
				CODE_SIGN_STYLE = Automatic;
				DEVELOPMENT_TEAM = 5LVDC4HW22;
				INFOPLIST_FILE = "Multiplatform Redux SampleTests/Info.plist";
				IPHONEOS_DEPLOYMENT_TARGET = 14.1;
				LD_RUNPATH_SEARCH_PATHS = (
					"$(inherited)",
					"@executable_path/Frameworks",
					"@loader_path/Frameworks",
				);
				PRODUCT_BUNDLE_IDENTIFIER = "ch.dreipol.Multiplatform-Redux-SampleTests";
				PRODUCT_NAME = "$(TARGET_NAME)";
				SWIFT_VERSION = 5.0;
				TARGETED_DEVICE_FAMILY = "1,2";
				TEST_HOST = "$(BUILT_PRODUCTS_DIR)/Multiplatform Redux Sample.app/Multiplatform Redux Sample";
			};
			name = Debug;
		};
		6662FB022541E37B00F8EA75 /* Release */ = {
			isa = XCBuildConfiguration;
			baseConfigurationReference = E772185947332615BA6AE359 /* Pods-Multiplatform Redux SampleTests.release.xcconfig */;
			buildSettings = {
				ALWAYS_EMBED_SWIFT_STANDARD_LIBRARIES = YES;
				BUNDLE_LOADER = "$(TEST_HOST)";
				CODE_SIGN_STYLE = Automatic;
				DEVELOPMENT_TEAM = 5LVDC4HW22;
				INFOPLIST_FILE = "Multiplatform Redux SampleTests/Info.plist";
				IPHONEOS_DEPLOYMENT_TARGET = 14.1;
				LD_RUNPATH_SEARCH_PATHS = (
					"$(inherited)",
					"@executable_path/Frameworks",
					"@loader_path/Frameworks",
				);
				PRODUCT_BUNDLE_IDENTIFIER = "ch.dreipol.Multiplatform-Redux-SampleTests";
				PRODUCT_NAME = "$(TARGET_NAME)";
				SWIFT_VERSION = 5.0;
				TARGETED_DEVICE_FAMILY = "1,2";
				TEST_HOST = "$(BUILT_PRODUCTS_DIR)/Multiplatform Redux Sample.app/Multiplatform Redux Sample";
			};
			name = Release;
		};
		6662FB042541E37B00F8EA75 /* Debug */ = {
			isa = XCBuildConfiguration;
			baseConfigurationReference = E10A3717EDAE39D43AC9D0FD /* Pods-Multiplatform Redux Sample-Multiplatform Redux SampleUITests.debug.xcconfig */;
			buildSettings = {
				ALWAYS_EMBED_SWIFT_STANDARD_LIBRARIES = YES;
				CODE_SIGN_STYLE = Automatic;
				DEVELOPMENT_TEAM = 5LVDC4HW22;
				INFOPLIST_FILE = "Multiplatform Redux SampleUITests/Info.plist";
				LD_RUNPATH_SEARCH_PATHS = (
					"$(inherited)",
					"@executable_path/Frameworks",
					"@loader_path/Frameworks",
				);
				PRODUCT_BUNDLE_IDENTIFIER = "ch.dreipol.Multiplatform-Redux-SampleUITests";
				PRODUCT_NAME = "$(TARGET_NAME)";
				SWIFT_VERSION = 5.0;
				TARGETED_DEVICE_FAMILY = "1,2";
				TEST_TARGET_NAME = "Multiplatform Redux Sample";
			};
			name = Debug;
		};
		6662FB052541E37B00F8EA75 /* Release */ = {
			isa = XCBuildConfiguration;
			baseConfigurationReference = A05A0AA8801F49DABA9F3E9F /* Pods-Multiplatform Redux Sample-Multiplatform Redux SampleUITests.release.xcconfig */;
			buildSettings = {
				ALWAYS_EMBED_SWIFT_STANDARD_LIBRARIES = YES;
				CODE_SIGN_STYLE = Automatic;
				DEVELOPMENT_TEAM = 5LVDC4HW22;
				INFOPLIST_FILE = "Multiplatform Redux SampleUITests/Info.plist";
				LD_RUNPATH_SEARCH_PATHS = (
					"$(inherited)",
					"@executable_path/Frameworks",
					"@loader_path/Frameworks",
				);
				PRODUCT_BUNDLE_IDENTIFIER = "ch.dreipol.Multiplatform-Redux-SampleUITests";
				PRODUCT_NAME = "$(TARGET_NAME)";
				SWIFT_VERSION = 5.0;
				TARGETED_DEVICE_FAMILY = "1,2";
				TEST_TARGET_NAME = "Multiplatform Redux Sample";
			};
			name = Release;
		};
/* End XCBuildConfiguration section */

/* Begin XCConfigurationList section */
		6662FACE2541E37A00F8EA75 /* Build configuration list for PBXProject "Multiplatform Redux Sample" */ = {
			isa = XCConfigurationList;
			buildConfigurations = (
				6662FAFB2541E37B00F8EA75 /* Debug */,
				6662FAFC2541E37B00F8EA75 /* Release */,
			);
			defaultConfigurationIsVisible = 0;
			defaultConfigurationName = Release;
		};
		6662FAFD2541E37B00F8EA75 /* Build configuration list for PBXNativeTarget "Multiplatform Redux Sample" */ = {
			isa = XCConfigurationList;
			buildConfigurations = (
				6662FAFE2541E37B00F8EA75 /* Debug */,
				6662FAFF2541E37B00F8EA75 /* Release */,
			);
			defaultConfigurationIsVisible = 0;
			defaultConfigurationName = Release;
		};
		6662FB002541E37B00F8EA75 /* Build configuration list for PBXNativeTarget "Multiplatform Redux SampleTests" */ = {
			isa = XCConfigurationList;
			buildConfigurations = (
				6662FB012541E37B00F8EA75 /* Debug */,
				6662FB022541E37B00F8EA75 /* Release */,
			);
			defaultConfigurationIsVisible = 0;
			defaultConfigurationName = Release;
		};
		6662FB032541E37B00F8EA75 /* Build configuration list for PBXNativeTarget "Multiplatform Redux SampleUITests" */ = {
			isa = XCConfigurationList;
			buildConfigurations = (
				6662FB042541E37B00F8EA75 /* Debug */,
				6662FB052541E37B00F8EA75 /* Release */,
			);
			defaultConfigurationIsVisible = 0;
			defaultConfigurationName = Release;
		};
/* End XCConfigurationList section */
	};
	rootObject = 6662FACB2541E37A00F8EA75 /* Project object */;
}
